
Microsoft Visual Studio Solution File, Format Version 12.00
# Visual Studio Version 16
VisualStudioVersion = 16.0.30621.155
MinimumVisualStudioVersion = 15.0.26124.0
Project("{9A19103F-16F7-4668-BE54-9A1E7A4F7556}") = "Configuration", "Configuration\Configuration.csproj", "{C441FBE3-E188-4D4F-A990-2BE9D031BC60}"
EndProject
Project("{9A19103F-16F7-4668-BE54-9A1E7A4F7556}") = "CxRestClient", "CxRestClient\CxRestClient.csproj", "{DC9E7B0E-AF07-4C23-8FAE-52AC6BAA5712}"
EndProject
Project("{9A19103F-16F7-4668-BE54-9A1E7A4F7556}") = "CxAnalytixCLI", "CxAnalytixCLI\CxAnalytixCLI.csproj", "{C779934C-7FF2-41BC-8371-F074E5A54958}"
EndProject
Project("{9A19103F-16F7-4668-BE54-9A1E7A4F7556}") = "CxAnalytixService", "CxAnalytixService\CxAnalytixService.csproj", "{2A83F8F6-A40F-4A68-845C-229051AE2A51}"
EndProject
Project("{9A19103F-16F7-4668-BE54-9A1E7A4F7556}") = "Log4NetOutput", "Log4NetOutput\Log4NetOutput.csproj", "{628F0804-B5FA-449B-945C-38993513A79B}"
EndProject
Project("{9A19103F-16F7-4668-BE54-9A1E7A4F7556}") = "LogCleaner", "LogCleaner\LogCleaner.csproj", "{4B4FBC38-FB3A-47B1-B25D-8DE40A2FF687}"
EndProject
Project("{9A19103F-16F7-4668-BE54-9A1E7A4F7556}") = "LogCleaner_Tests", "LogCleaner_Tests\LogCleaner_Tests.csproj", "{7BF32DE9-98CD-4795-8463-396D9A6A47BA}"
EndProject
Project("{9A19103F-16F7-4668-BE54-9A1E7A4F7556}") = "TransformLogic", "TransformLogic\TransformLogic.csproj", "{B38B8205-16EE-4F75-B17F-2AC609551EA1}"
EndProject
Project("{9A19103F-16F7-4668-BE54-9A1E7A4F7556}") = "TransformLogic_Tests", "TransformLogic_Tests\TransformLogic_Tests.csproj", "{FBCA5425-BE5B-4BA0-9714-26925BFFE273}"
EndProject
Project("{9A19103F-16F7-4668-BE54-9A1E7A4F7556}") = "CxRestClient_Tests", "CxRestClient_Tests\CxRestClient_Tests.csproj", "{397852E9-467A-4098-983B-47C6888F85D1}"
EndProject
Project("{9A19103F-16F7-4668-BE54-9A1E7A4F7556}") = "CxAnalytixDaemon", "CxAnalytixDaemon\CxAnalytixDaemon.csproj", "{DF520E46-2739-4C28-BB4B-9DEBF8A551C7}"
EndProject
Project("{9A19103F-16F7-4668-BE54-9A1E7A4F7556}") = "MongoDBOutput", "MongoDBOutput\MongoDBOutput.csproj", "{332A35DB-4ECA-4482-B93A-A9DBEAC5AF16}"
EndProject
Project("{9A19103F-16F7-4668-BE54-9A1E7A4F7556}") = "Extensions_Test", "Extensions_Test\Extensions_Test.csproj", "{1546DA62-BCD4-4CD3-81B3-F02251B42A50}"
EndProject
Project("{9A19103F-16F7-4668-BE54-9A1E7A4F7556}") = "Extensions", "Extensions\Extensions.csproj", "{06F7346C-CA7C-477D-A475-8177E84A51C4}"
EndProject
Project("{9A19103F-16F7-4668-BE54-9A1E7A4F7556}") = "StringFormatExamples", "StringFormatExamples\StringFormatExamples.csproj", "{A7121C35-FE42-4677-BBA4-CF633595F50F}"
EndProject
Project("{9A19103F-16F7-4668-BE54-9A1E7A4F7556}") = "CxAuditTrailsDB", "CxAuditTrailsDB\CxAuditTrailsDB.csproj", "{93C5C7C1-A7D5-4F79-A2A9-74C711AAB926}"
EndProject
Project("{9A19103F-16F7-4668-BE54-9A1E7A4F7556}") = "Configuration_Tests", "Configuration_Tests\Configuration_Tests.csproj", "{25881CD3-C7C2-4103-97B3-0C4050C4C011}"
EndProject
Project("{9A19103F-16F7-4668-BE54-9A1E7A4F7556}") = "CxAuditTrailsDirectDB", "CxAuditTrailsDirectDB\CxAuditTrailsDirectDB.csproj", "{9363739E-7D08-486D-8D64-1DB2B5D18245}"
EndProject
Project("{9A19103F-16F7-4668-BE54-9A1E7A4F7556}") = "CxAuditTrailsCrawler", "CxAuditTrailsCrawler\CxAuditTrailsCrawler.csproj", "{74B9951B-B5A3-468A-A3B5-6CBA056E5090}"
EndProject
Project("{9A19103F-16F7-4668-BE54-9A1E7A4F7556}") = "Interfaces", "Interfaces\Interfaces.csproj", "{3ADD8828-7E89-4705-B450-9A27D6356DF1}"
EndProject
Project("{9A19103F-16F7-4668-BE54-9A1E7A4F7556}") = "CxAuditTrailsCrawler_Tests", "CxAuditTrailsCrawler_Tests\CxAuditTrailsCrawler_Tests.csproj", "{A56B0752-F02A-4238-A61B-04A11328A24A}"
EndProject
Project("{9A19103F-16F7-4668-BE54-9A1E7A4F7556}") = "Exceptions", "Exceptions\Exceptions.csproj", "{73E0F5C9-87DC-47C3-AB74-0D87BC62674D}"
EndProject
Project("{9A19103F-16F7-4668-BE54-9A1E7A4F7556}") = "Utilities", "Utilities\Utilities.csproj", "{3EDC0325-BDBA-48BB-B21B-AC1F4C6B34C2}"
EndProject
Project("{9A19103F-16F7-4668-BE54-9A1E7A4F7556}") = "Utilities_Tests", "Utilities_Tests\Utilities_Tests.csproj", "{1271C27B-0F36-4842-8297-205A955AC0A6}"
EndProject
Project("{9A19103F-16F7-4668-BE54-9A1E7A4F7556}") = "RegressionTester", "RegressionTester\RegressionTester.csproj", "{3ACA5FFA-7228-4BF1-85C8-A71187691593}"
EndProject
Project("{9A19103F-16F7-4668-BE54-9A1E7A4F7556}") = "ProjectFilter", "ProjectFilter\ProjectFilter.csproj", "{66CA66AA-62EE-423B-BC82-EB4399E6D055}"
EndProject
Project("{9A19103F-16F7-4668-BE54-9A1E7A4F7556}") = "ProjectFilter_Tests", "ProjectFilter_Tests\ProjectFilter_Tests.csproj", "{8CD2E905-87F6-45ED-AB4F-2F55E9FC52B6}"
EndProject
Project("{2150E333-8FDC-42A3-9474-1A3956D46DE8}") = "config_files", "config_files", "{1A6250A3-C2ED-42F5-B77E-0FB1DD226C2F}"
	ProjectSection(SolutionItems) = preProject
		config_files\dotnet.exe.config = config_files\dotnet.exe.config
		config_files\log.log4net = config_files\log.log4net
	EndProjectSection
EndProject
Project("{9A19103F-16F7-4668-BE54-9A1E7A4F7556}") = "OutputBootstrapper", "OutputBootstrapper\OutputBootstrapper.csproj", "{DA3F5BED-5CEB-47DD-8148-CCDBE5B4B99E}"
EndProject
Project("{FAE04EC0-301F-11D3-BF4B-00C04F79EFBC}") = "AMQPOutput", "AMQPOutput\AMQPOutput.csproj", "{2A53DAD5-E238-4AEA-9BDE-78EF4D794AFF}"
EndProject
Global
	GlobalSection(SolutionConfigurationPlatforms) = preSolution
		Debug|Any CPU = Debug|Any CPU
		Debug|x64 = Debug|x64
		Debug|x86 = Debug|x86
		Release|Any CPU = Release|Any CPU
		Release|x64 = Release|x64
		Release|x86 = Release|x86
	EndGlobalSection
	GlobalSection(ProjectConfigurationPlatforms) = postSolution
		{C441FBE3-E188-4D4F-A990-2BE9D031BC60}.Debug|Any CPU.ActiveCfg = Debug|Any CPU
		{C441FBE3-E188-4D4F-A990-2BE9D031BC60}.Debug|Any CPU.Build.0 = Debug|Any CPU
		{C441FBE3-E188-4D4F-A990-2BE9D031BC60}.Debug|x64.ActiveCfg = Debug|Any CPU
		{C441FBE3-E188-4D4F-A990-2BE9D031BC60}.Debug|x64.Build.0 = Debug|Any CPU
		{C441FBE3-E188-4D4F-A990-2BE9D031BC60}.Debug|x86.ActiveCfg = Debug|Any CPU
		{C441FBE3-E188-4D4F-A990-2BE9D031BC60}.Debug|x86.Build.0 = Debug|Any CPU
		{C441FBE3-E188-4D4F-A990-2BE9D031BC60}.Release|Any CPU.ActiveCfg = Release|Any CPU
		{C441FBE3-E188-4D4F-A990-2BE9D031BC60}.Release|Any CPU.Build.0 = Release|Any CPU
		{C441FBE3-E188-4D4F-A990-2BE9D031BC60}.Release|x64.ActiveCfg = Release|Any CPU
		{C441FBE3-E188-4D4F-A990-2BE9D031BC60}.Release|x64.Build.0 = Release|Any CPU
		{C441FBE3-E188-4D4F-A990-2BE9D031BC60}.Release|x86.ActiveCfg = Release|Any CPU
		{C441FBE3-E188-4D4F-A990-2BE9D031BC60}.Release|x86.Build.0 = Release|Any CPU
		{DC9E7B0E-AF07-4C23-8FAE-52AC6BAA5712}.Debug|Any CPU.ActiveCfg = Debug|Any CPU
		{DC9E7B0E-AF07-4C23-8FAE-52AC6BAA5712}.Debug|Any CPU.Build.0 = Debug|Any CPU
		{DC9E7B0E-AF07-4C23-8FAE-52AC6BAA5712}.Debug|x64.ActiveCfg = Debug|Any CPU
		{DC9E7B0E-AF07-4C23-8FAE-52AC6BAA5712}.Debug|x64.Build.0 = Debug|Any CPU
		{DC9E7B0E-AF07-4C23-8FAE-52AC6BAA5712}.Debug|x86.ActiveCfg = Debug|Any CPU
		{DC9E7B0E-AF07-4C23-8FAE-52AC6BAA5712}.Debug|x86.Build.0 = Debug|Any CPU
		{DC9E7B0E-AF07-4C23-8FAE-52AC6BAA5712}.Release|Any CPU.ActiveCfg = Release|Any CPU
		{DC9E7B0E-AF07-4C23-8FAE-52AC6BAA5712}.Release|Any CPU.Build.0 = Release|Any CPU
		{DC9E7B0E-AF07-4C23-8FAE-52AC6BAA5712}.Release|x64.ActiveCfg = Release|Any CPU
		{DC9E7B0E-AF07-4C23-8FAE-52AC6BAA5712}.Release|x64.Build.0 = Release|Any CPU
		{DC9E7B0E-AF07-4C23-8FAE-52AC6BAA5712}.Release|x86.ActiveCfg = Release|Any CPU
		{DC9E7B0E-AF07-4C23-8FAE-52AC6BAA5712}.Release|x86.Build.0 = Release|Any CPU
		{C779934C-7FF2-41BC-8371-F074E5A54958}.Debug|Any CPU.ActiveCfg = Debug|Any CPU
		{C779934C-7FF2-41BC-8371-F074E5A54958}.Debug|Any CPU.Build.0 = Debug|Any CPU
		{C779934C-7FF2-41BC-8371-F074E5A54958}.Debug|x64.ActiveCfg = Debug|Any CPU
		{C779934C-7FF2-41BC-8371-F074E5A54958}.Debug|x64.Build.0 = Debug|Any CPU
		{C779934C-7FF2-41BC-8371-F074E5A54958}.Debug|x86.ActiveCfg = Debug|Any CPU
		{C779934C-7FF2-41BC-8371-F074E5A54958}.Debug|x86.Build.0 = Debug|Any CPU
		{C779934C-7FF2-41BC-8371-F074E5A54958}.Release|Any CPU.ActiveCfg = Release|Any CPU
		{C779934C-7FF2-41BC-8371-F074E5A54958}.Release|Any CPU.Build.0 = Release|Any CPU
		{C779934C-7FF2-41BC-8371-F074E5A54958}.Release|x64.ActiveCfg = Release|Any CPU
		{C779934C-7FF2-41BC-8371-F074E5A54958}.Release|x64.Build.0 = Release|Any CPU
		{C779934C-7FF2-41BC-8371-F074E5A54958}.Release|x86.ActiveCfg = Release|Any CPU
		{C779934C-7FF2-41BC-8371-F074E5A54958}.Release|x86.Build.0 = Release|Any CPU
		{2A83F8F6-A40F-4A68-845C-229051AE2A51}.Debug|Any CPU.ActiveCfg = Debug|Any CPU
		{2A83F8F6-A40F-4A68-845C-229051AE2A51}.Debug|Any CPU.Build.0 = Debug|Any CPU
		{2A83F8F6-A40F-4A68-845C-229051AE2A51}.Debug|x64.ActiveCfg = Debug|Any CPU
		{2A83F8F6-A40F-4A68-845C-229051AE2A51}.Debug|x64.Build.0 = Debug|Any CPU
		{2A83F8F6-A40F-4A68-845C-229051AE2A51}.Debug|x86.ActiveCfg = Debug|Any CPU
		{2A83F8F6-A40F-4A68-845C-229051AE2A51}.Debug|x86.Build.0 = Debug|Any CPU
		{2A83F8F6-A40F-4A68-845C-229051AE2A51}.Release|Any CPU.ActiveCfg = Release|Any CPU
		{2A83F8F6-A40F-4A68-845C-229051AE2A51}.Release|Any CPU.Build.0 = Release|Any CPU
		{2A83F8F6-A40F-4A68-845C-229051AE2A51}.Release|x64.ActiveCfg = Release|Any CPU
		{2A83F8F6-A40F-4A68-845C-229051AE2A51}.Release|x64.Build.0 = Release|Any CPU
		{2A83F8F6-A40F-4A68-845C-229051AE2A51}.Release|x86.ActiveCfg = Release|Any CPU
		{2A83F8F6-A40F-4A68-845C-229051AE2A51}.Release|x86.Build.0 = Release|Any CPU
		{628F0804-B5FA-449B-945C-38993513A79B}.Debug|Any CPU.ActiveCfg = Debug|Any CPU
		{628F0804-B5FA-449B-945C-38993513A79B}.Debug|Any CPU.Build.0 = Debug|Any CPU
		{628F0804-B5FA-449B-945C-38993513A79B}.Debug|x64.ActiveCfg = Debug|Any CPU
		{628F0804-B5FA-449B-945C-38993513A79B}.Debug|x64.Build.0 = Debug|Any CPU
		{628F0804-B5FA-449B-945C-38993513A79B}.Debug|x86.ActiveCfg = Debug|Any CPU
		{628F0804-B5FA-449B-945C-38993513A79B}.Debug|x86.Build.0 = Debug|Any CPU
		{628F0804-B5FA-449B-945C-38993513A79B}.Release|Any CPU.ActiveCfg = Release|Any CPU
		{628F0804-B5FA-449B-945C-38993513A79B}.Release|Any CPU.Build.0 = Release|Any CPU
		{628F0804-B5FA-449B-945C-38993513A79B}.Release|x64.ActiveCfg = Release|Any CPU
		{628F0804-B5FA-449B-945C-38993513A79B}.Release|x64.Build.0 = Release|Any CPU
		{628F0804-B5FA-449B-945C-38993513A79B}.Release|x86.ActiveCfg = Release|Any CPU
		{628F0804-B5FA-449B-945C-38993513A79B}.Release|x86.Build.0 = Release|Any CPU
		{4B4FBC38-FB3A-47B1-B25D-8DE40A2FF687}.Debug|Any CPU.ActiveCfg = Debug|Any CPU
		{4B4FBC38-FB3A-47B1-B25D-8DE40A2FF687}.Debug|Any CPU.Build.0 = Debug|Any CPU
		{4B4FBC38-FB3A-47B1-B25D-8DE40A2FF687}.Debug|x64.ActiveCfg = Debug|Any CPU
		{4B4FBC38-FB3A-47B1-B25D-8DE40A2FF687}.Debug|x64.Build.0 = Debug|Any CPU
		{4B4FBC38-FB3A-47B1-B25D-8DE40A2FF687}.Debug|x86.ActiveCfg = Debug|Any CPU
		{4B4FBC38-FB3A-47B1-B25D-8DE40A2FF687}.Debug|x86.Build.0 = Debug|Any CPU
		{4B4FBC38-FB3A-47B1-B25D-8DE40A2FF687}.Release|Any CPU.ActiveCfg = Release|Any CPU
		{4B4FBC38-FB3A-47B1-B25D-8DE40A2FF687}.Release|Any CPU.Build.0 = Release|Any CPU
		{4B4FBC38-FB3A-47B1-B25D-8DE40A2FF687}.Release|x64.ActiveCfg = Release|Any CPU
		{4B4FBC38-FB3A-47B1-B25D-8DE40A2FF687}.Release|x64.Build.0 = Release|Any CPU
		{4B4FBC38-FB3A-47B1-B25D-8DE40A2FF687}.Release|x86.ActiveCfg = Release|Any CPU
		{4B4FBC38-FB3A-47B1-B25D-8DE40A2FF687}.Release|x86.Build.0 = Release|Any CPU
		{7BF32DE9-98CD-4795-8463-396D9A6A47BA}.Debug|Any CPU.ActiveCfg = Debug|Any CPU
		{7BF32DE9-98CD-4795-8463-396D9A6A47BA}.Debug|Any CPU.Build.0 = Debug|Any CPU
		{7BF32DE9-98CD-4795-8463-396D9A6A47BA}.Debug|x64.ActiveCfg = Debug|Any CPU
		{7BF32DE9-98CD-4795-8463-396D9A6A47BA}.Debug|x64.Build.0 = Debug|Any CPU
		{7BF32DE9-98CD-4795-8463-396D9A6A47BA}.Debug|x86.ActiveCfg = Debug|Any CPU
		{7BF32DE9-98CD-4795-8463-396D9A6A47BA}.Debug|x86.Build.0 = Debug|Any CPU
		{7BF32DE9-98CD-4795-8463-396D9A6A47BA}.Release|Any CPU.ActiveCfg = Release|Any CPU
		{7BF32DE9-98CD-4795-8463-396D9A6A47BA}.Release|x64.ActiveCfg = Release|Any CPU
		{7BF32DE9-98CD-4795-8463-396D9A6A47BA}.Release|x64.Build.0 = Release|Any CPU
		{7BF32DE9-98CD-4795-8463-396D9A6A47BA}.Release|x86.ActiveCfg = Release|Any CPU
		{7BF32DE9-98CD-4795-8463-396D9A6A47BA}.Release|x86.Build.0 = Release|Any CPU
		{B38B8205-16EE-4F75-B17F-2AC609551EA1}.Debug|Any CPU.ActiveCfg = Debug|Any CPU
		{B38B8205-16EE-4F75-B17F-2AC609551EA1}.Debug|Any CPU.Build.0 = Debug|Any CPU
		{B38B8205-16EE-4F75-B17F-2AC609551EA1}.Debug|x64.ActiveCfg = Debug|Any CPU
		{B38B8205-16EE-4F75-B17F-2AC609551EA1}.Debug|x64.Build.0 = Debug|Any CPU
		{B38B8205-16EE-4F75-B17F-2AC609551EA1}.Debug|x86.ActiveCfg = Debug|Any CPU
		{B38B8205-16EE-4F75-B17F-2AC609551EA1}.Debug|x86.Build.0 = Debug|Any CPU
		{B38B8205-16EE-4F75-B17F-2AC609551EA1}.Release|Any CPU.ActiveCfg = Release|Any CPU
		{B38B8205-16EE-4F75-B17F-2AC609551EA1}.Release|Any CPU.Build.0 = Release|Any CPU
		{B38B8205-16EE-4F75-B17F-2AC609551EA1}.Release|x64.ActiveCfg = Release|Any CPU
		{B38B8205-16EE-4F75-B17F-2AC609551EA1}.Release|x64.Build.0 = Release|Any CPU
		{B38B8205-16EE-4F75-B17F-2AC609551EA1}.Release|x86.ActiveCfg = Release|Any CPU
		{B38B8205-16EE-4F75-B17F-2AC609551EA1}.Release|x86.Build.0 = Release|Any CPU
		{FBCA5425-BE5B-4BA0-9714-26925BFFE273}.Debug|Any CPU.ActiveCfg = Debug|Any CPU
		{FBCA5425-BE5B-4BA0-9714-26925BFFE273}.Debug|Any CPU.Build.0 = Debug|Any CPU
		{FBCA5425-BE5B-4BA0-9714-26925BFFE273}.Debug|x64.ActiveCfg = Debug|Any CPU
		{FBCA5425-BE5B-4BA0-9714-26925BFFE273}.Debug|x64.Build.0 = Debug|Any CPU
		{FBCA5425-BE5B-4BA0-9714-26925BFFE273}.Debug|x86.ActiveCfg = Debug|Any CPU
		{FBCA5425-BE5B-4BA0-9714-26925BFFE273}.Debug|x86.Build.0 = Debug|Any CPU
		{FBCA5425-BE5B-4BA0-9714-26925BFFE273}.Release|Any CPU.ActiveCfg = Release|Any CPU
		{FBCA5425-BE5B-4BA0-9714-26925BFFE273}.Release|x64.ActiveCfg = Release|Any CPU
		{FBCA5425-BE5B-4BA0-9714-26925BFFE273}.Release|x64.Build.0 = Release|Any CPU
		{FBCA5425-BE5B-4BA0-9714-26925BFFE273}.Release|x86.ActiveCfg = Release|Any CPU
		{FBCA5425-BE5B-4BA0-9714-26925BFFE273}.Release|x86.Build.0 = Release|Any CPU
		{397852E9-467A-4098-983B-47C6888F85D1}.Debug|Any CPU.ActiveCfg = Debug|Any CPU
		{397852E9-467A-4098-983B-47C6888F85D1}.Debug|Any CPU.Build.0 = Debug|Any CPU
		{397852E9-467A-4098-983B-47C6888F85D1}.Debug|x64.ActiveCfg = Debug|Any CPU
		{397852E9-467A-4098-983B-47C6888F85D1}.Debug|x64.Build.0 = Debug|Any CPU
		{397852E9-467A-4098-983B-47C6888F85D1}.Debug|x86.ActiveCfg = Debug|Any CPU
		{397852E9-467A-4098-983B-47C6888F85D1}.Debug|x86.Build.0 = Debug|Any CPU
		{397852E9-467A-4098-983B-47C6888F85D1}.Release|Any CPU.ActiveCfg = Release|Any CPU
		{397852E9-467A-4098-983B-47C6888F85D1}.Release|x64.ActiveCfg = Release|Any CPU
		{397852E9-467A-4098-983B-47C6888F85D1}.Release|x64.Build.0 = Release|Any CPU
		{397852E9-467A-4098-983B-47C6888F85D1}.Release|x86.ActiveCfg = Release|Any CPU
		{397852E9-467A-4098-983B-47C6888F85D1}.Release|x86.Build.0 = Release|Any CPU
		{DF520E46-2739-4C28-BB4B-9DEBF8A551C7}.Debug|Any CPU.ActiveCfg = Debug|Any CPU
		{DF520E46-2739-4C28-BB4B-9DEBF8A551C7}.Debug|Any CPU.Build.0 = Debug|Any CPU
		{DF520E46-2739-4C28-BB4B-9DEBF8A551C7}.Debug|x64.ActiveCfg = Debug|Any CPU
		{DF520E46-2739-4C28-BB4B-9DEBF8A551C7}.Debug|x64.Build.0 = Debug|Any CPU
		{DF520E46-2739-4C28-BB4B-9DEBF8A551C7}.Debug|x86.ActiveCfg = Debug|Any CPU
		{DF520E46-2739-4C28-BB4B-9DEBF8A551C7}.Debug|x86.Build.0 = Debug|Any CPU
		{DF520E46-2739-4C28-BB4B-9DEBF8A551C7}.Release|Any CPU.ActiveCfg = Release|Any CPU
		{DF520E46-2739-4C28-BB4B-9DEBF8A551C7}.Release|Any CPU.Build.0 = Release|Any CPU
		{DF520E46-2739-4C28-BB4B-9DEBF8A551C7}.Release|x64.ActiveCfg = Release|Any CPU
		{DF520E46-2739-4C28-BB4B-9DEBF8A551C7}.Release|x64.Build.0 = Release|Any CPU
		{DF520E46-2739-4C28-BB4B-9DEBF8A551C7}.Release|x86.ActiveCfg = Release|Any CPU
		{DF520E46-2739-4C28-BB4B-9DEBF8A551C7}.Release|x86.Build.0 = Release|Any CPU
		{332A35DB-4ECA-4482-B93A-A9DBEAC5AF16}.Debug|Any CPU.ActiveCfg = Debug|Any CPU
		{332A35DB-4ECA-4482-B93A-A9DBEAC5AF16}.Debug|Any CPU.Build.0 = Debug|Any CPU
		{332A35DB-4ECA-4482-B93A-A9DBEAC5AF16}.Debug|x64.ActiveCfg = Debug|Any CPU
		{332A35DB-4ECA-4482-B93A-A9DBEAC5AF16}.Debug|x64.Build.0 = Debug|Any CPU
		{332A35DB-4ECA-4482-B93A-A9DBEAC5AF16}.Debug|x86.ActiveCfg = Debug|Any CPU
		{332A35DB-4ECA-4482-B93A-A9DBEAC5AF16}.Debug|x86.Build.0 = Debug|Any CPU
		{332A35DB-4ECA-4482-B93A-A9DBEAC5AF16}.Release|Any CPU.ActiveCfg = Release|Any CPU
		{332A35DB-4ECA-4482-B93A-A9DBEAC5AF16}.Release|Any CPU.Build.0 = Release|Any CPU
		{332A35DB-4ECA-4482-B93A-A9DBEAC5AF16}.Release|x64.ActiveCfg = Release|Any CPU
		{332A35DB-4ECA-4482-B93A-A9DBEAC5AF16}.Release|x64.Build.0 = Release|Any CPU
		{332A35DB-4ECA-4482-B93A-A9DBEAC5AF16}.Release|x86.ActiveCfg = Release|Any CPU
		{332A35DB-4ECA-4482-B93A-A9DBEAC5AF16}.Release|x86.Build.0 = Release|Any CPU
		{1546DA62-BCD4-4CD3-81B3-F02251B42A50}.Debug|Any CPU.ActiveCfg = Debug|Any CPU
		{1546DA62-BCD4-4CD3-81B3-F02251B42A50}.Debug|Any CPU.Build.0 = Debug|Any CPU
		{1546DA62-BCD4-4CD3-81B3-F02251B42A50}.Debug|x64.ActiveCfg = Debug|Any CPU
		{1546DA62-BCD4-4CD3-81B3-F02251B42A50}.Debug|x64.Build.0 = Debug|Any CPU
		{1546DA62-BCD4-4CD3-81B3-F02251B42A50}.Debug|x86.ActiveCfg = Debug|Any CPU
		{1546DA62-BCD4-4CD3-81B3-F02251B42A50}.Debug|x86.Build.0 = Debug|Any CPU
		{1546DA62-BCD4-4CD3-81B3-F02251B42A50}.Release|Any CPU.ActiveCfg = Release|Any CPU
		{1546DA62-BCD4-4CD3-81B3-F02251B42A50}.Release|x64.ActiveCfg = Release|Any CPU
		{1546DA62-BCD4-4CD3-81B3-F02251B42A50}.Release|x64.Build.0 = Release|Any CPU
		{1546DA62-BCD4-4CD3-81B3-F02251B42A50}.Release|x86.ActiveCfg = Release|Any CPU
		{1546DA62-BCD4-4CD3-81B3-F02251B42A50}.Release|x86.Build.0 = Release|Any CPU
		{06F7346C-CA7C-477D-A475-8177E84A51C4}.Debug|Any CPU.ActiveCfg = Debug|Any CPU
		{06F7346C-CA7C-477D-A475-8177E84A51C4}.Debug|Any CPU.Build.0 = Debug|Any CPU
		{06F7346C-CA7C-477D-A475-8177E84A51C4}.Debug|x64.ActiveCfg = Debug|Any CPU
		{06F7346C-CA7C-477D-A475-8177E84A51C4}.Debug|x64.Build.0 = Debug|Any CPU
		{06F7346C-CA7C-477D-A475-8177E84A51C4}.Debug|x86.ActiveCfg = Debug|Any CPU
		{06F7346C-CA7C-477D-A475-8177E84A51C4}.Debug|x86.Build.0 = Debug|Any CPU
		{06F7346C-CA7C-477D-A475-8177E84A51C4}.Release|Any CPU.ActiveCfg = Release|Any CPU
		{06F7346C-CA7C-477D-A475-8177E84A51C4}.Release|Any CPU.Build.0 = Release|Any CPU
		{06F7346C-CA7C-477D-A475-8177E84A51C4}.Release|x64.ActiveCfg = Release|Any CPU
		{06F7346C-CA7C-477D-A475-8177E84A51C4}.Release|x64.Build.0 = Release|Any CPU
		{06F7346C-CA7C-477D-A475-8177E84A51C4}.Release|x86.ActiveCfg = Release|Any CPU
		{06F7346C-CA7C-477D-A475-8177E84A51C4}.Release|x86.Build.0 = Release|Any CPU
		{A7121C35-FE42-4677-BBA4-CF633595F50F}.Debug|Any CPU.ActiveCfg = Debug|Any CPU
		{A7121C35-FE42-4677-BBA4-CF633595F50F}.Debug|Any CPU.Build.0 = Debug|Any CPU
		{A7121C35-FE42-4677-BBA4-CF633595F50F}.Debug|x64.ActiveCfg = Debug|Any CPU
		{A7121C35-FE42-4677-BBA4-CF633595F50F}.Debug|x64.Build.0 = Debug|Any CPU
		{A7121C35-FE42-4677-BBA4-CF633595F50F}.Debug|x86.ActiveCfg = Debug|Any CPU
		{A7121C35-FE42-4677-BBA4-CF633595F50F}.Debug|x86.Build.0 = Debug|Any CPU
		{A7121C35-FE42-4677-BBA4-CF633595F50F}.Release|Any CPU.ActiveCfg = Release|Any CPU
		{A7121C35-FE42-4677-BBA4-CF633595F50F}.Release|x64.ActiveCfg = Release|Any CPU
		{A7121C35-FE42-4677-BBA4-CF633595F50F}.Release|x64.Build.0 = Release|Any CPU
		{A7121C35-FE42-4677-BBA4-CF633595F50F}.Release|x86.ActiveCfg = Release|Any CPU
		{A7121C35-FE42-4677-BBA4-CF633595F50F}.Release|x86.Build.0 = Release|Any CPU
		{93C5C7C1-A7D5-4F79-A2A9-74C711AAB926}.Debug|Any CPU.ActiveCfg = Debug|Any CPU
		{93C5C7C1-A7D5-4F79-A2A9-74C711AAB926}.Debug|Any CPU.Build.0 = Debug|Any CPU
		{93C5C7C1-A7D5-4F79-A2A9-74C711AAB926}.Debug|x64.ActiveCfg = Debug|Any CPU
		{93C5C7C1-A7D5-4F79-A2A9-74C711AAB926}.Debug|x64.Build.0 = Debug|Any CPU
		{93C5C7C1-A7D5-4F79-A2A9-74C711AAB926}.Debug|x86.ActiveCfg = Debug|Any CPU
		{93C5C7C1-A7D5-4F79-A2A9-74C711AAB926}.Debug|x86.Build.0 = Debug|Any CPU
		{93C5C7C1-A7D5-4F79-A2A9-74C711AAB926}.Release|Any CPU.ActiveCfg = Release|Any CPU
		{93C5C7C1-A7D5-4F79-A2A9-74C711AAB926}.Release|Any CPU.Build.0 = Release|Any CPU
		{93C5C7C1-A7D5-4F79-A2A9-74C711AAB926}.Release|x64.ActiveCfg = Release|Any CPU
		{93C5C7C1-A7D5-4F79-A2A9-74C711AAB926}.Release|x64.Build.0 = Release|Any CPU
		{93C5C7C1-A7D5-4F79-A2A9-74C711AAB926}.Release|x86.ActiveCfg = Release|Any CPU
		{93C5C7C1-A7D5-4F79-A2A9-74C711AAB926}.Release|x86.Build.0 = Release|Any CPU
		{25881CD3-C7C2-4103-97B3-0C4050C4C011}.Debug|Any CPU.ActiveCfg = Debug|Any CPU
		{25881CD3-C7C2-4103-97B3-0C4050C4C011}.Debug|Any CPU.Build.0 = Debug|Any CPU
		{25881CD3-C7C2-4103-97B3-0C4050C4C011}.Debug|x64.ActiveCfg = Debug|Any CPU
		{25881CD3-C7C2-4103-97B3-0C4050C4C011}.Debug|x64.Build.0 = Debug|Any CPU
		{25881CD3-C7C2-4103-97B3-0C4050C4C011}.Debug|x86.ActiveCfg = Debug|Any CPU
		{25881CD3-C7C2-4103-97B3-0C4050C4C011}.Debug|x86.Build.0 = Debug|Any CPU
		{25881CD3-C7C2-4103-97B3-0C4050C4C011}.Release|Any CPU.ActiveCfg = Release|Any CPU
		{25881CD3-C7C2-4103-97B3-0C4050C4C011}.Release|x64.ActiveCfg = Release|Any CPU
		{25881CD3-C7C2-4103-97B3-0C4050C4C011}.Release|x64.Build.0 = Release|Any CPU
		{25881CD3-C7C2-4103-97B3-0C4050C4C011}.Release|x86.ActiveCfg = Release|Any CPU
		{25881CD3-C7C2-4103-97B3-0C4050C4C011}.Release|x86.Build.0 = Release|Any CPU
		{9363739E-7D08-486D-8D64-1DB2B5D18245}.Debug|Any CPU.ActiveCfg = Debug|Any CPU
		{9363739E-7D08-486D-8D64-1DB2B5D18245}.Debug|Any CPU.Build.0 = Debug|Any CPU
		{9363739E-7D08-486D-8D64-1DB2B5D18245}.Debug|x64.ActiveCfg = Debug|Any CPU
		{9363739E-7D08-486D-8D64-1DB2B5D18245}.Debug|x64.Build.0 = Debug|Any CPU
		{9363739E-7D08-486D-8D64-1DB2B5D18245}.Debug|x86.ActiveCfg = Debug|Any CPU
		{9363739E-7D08-486D-8D64-1DB2B5D18245}.Debug|x86.Build.0 = Debug|Any CPU
		{9363739E-7D08-486D-8D64-1DB2B5D18245}.Release|Any CPU.ActiveCfg = Release|Any CPU
		{9363739E-7D08-486D-8D64-1DB2B5D18245}.Release|Any CPU.Build.0 = Release|Any CPU
		{9363739E-7D08-486D-8D64-1DB2B5D18245}.Release|x64.ActiveCfg = Release|Any CPU
		{9363739E-7D08-486D-8D64-1DB2B5D18245}.Release|x64.Build.0 = Release|Any CPU
		{9363739E-7D08-486D-8D64-1DB2B5D18245}.Release|x86.ActiveCfg = Release|Any CPU
		{9363739E-7D08-486D-8D64-1DB2B5D18245}.Release|x86.Build.0 = Release|Any CPU
		{74B9951B-B5A3-468A-A3B5-6CBA056E5090}.Debug|Any CPU.ActiveCfg = Debug|Any CPU
		{74B9951B-B5A3-468A-A3B5-6CBA056E5090}.Debug|Any CPU.Build.0 = Debug|Any CPU
		{74B9951B-B5A3-468A-A3B5-6CBA056E5090}.Debug|x64.ActiveCfg = Debug|Any CPU
		{74B9951B-B5A3-468A-A3B5-6CBA056E5090}.Debug|x64.Build.0 = Debug|Any CPU
		{74B9951B-B5A3-468A-A3B5-6CBA056E5090}.Debug|x86.ActiveCfg = Debug|Any CPU
		{74B9951B-B5A3-468A-A3B5-6CBA056E5090}.Debug|x86.Build.0 = Debug|Any CPU
		{74B9951B-B5A3-468A-A3B5-6CBA056E5090}.Release|Any CPU.ActiveCfg = Release|Any CPU
		{74B9951B-B5A3-468A-A3B5-6CBA056E5090}.Release|Any CPU.Build.0 = Release|Any CPU
		{74B9951B-B5A3-468A-A3B5-6CBA056E5090}.Release|x64.ActiveCfg = Release|Any CPU
		{74B9951B-B5A3-468A-A3B5-6CBA056E5090}.Release|x64.Build.0 = Release|Any CPU
		{74B9951B-B5A3-468A-A3B5-6CBA056E5090}.Release|x86.ActiveCfg = Release|Any CPU
		{74B9951B-B5A3-468A-A3B5-6CBA056E5090}.Release|x86.Build.0 = Release|Any CPU
		{3ADD8828-7E89-4705-B450-9A27D6356DF1}.Debug|Any CPU.ActiveCfg = Debug|Any CPU
		{3ADD8828-7E89-4705-B450-9A27D6356DF1}.Debug|Any CPU.Build.0 = Debug|Any CPU
		{3ADD8828-7E89-4705-B450-9A27D6356DF1}.Debug|x64.ActiveCfg = Debug|Any CPU
		{3ADD8828-7E89-4705-B450-9A27D6356DF1}.Debug|x64.Build.0 = Debug|Any CPU
		{3ADD8828-7E89-4705-B450-9A27D6356DF1}.Debug|x86.ActiveCfg = Debug|Any CPU
		{3ADD8828-7E89-4705-B450-9A27D6356DF1}.Debug|x86.Build.0 = Debug|Any CPU
		{3ADD8828-7E89-4705-B450-9A27D6356DF1}.Release|Any CPU.ActiveCfg = Release|Any CPU
		{3ADD8828-7E89-4705-B450-9A27D6356DF1}.Release|Any CPU.Build.0 = Release|Any CPU
		{3ADD8828-7E89-4705-B450-9A27D6356DF1}.Release|x64.ActiveCfg = Release|Any CPU
		{3ADD8828-7E89-4705-B450-9A27D6356DF1}.Release|x64.Build.0 = Release|Any CPU
		{3ADD8828-7E89-4705-B450-9A27D6356DF1}.Release|x86.ActiveCfg = Release|Any CPU
		{3ADD8828-7E89-4705-B450-9A27D6356DF1}.Release|x86.Build.0 = Release|Any CPU
		{A56B0752-F02A-4238-A61B-04A11328A24A}.Debug|Any CPU.ActiveCfg = Debug|Any CPU
		{A56B0752-F02A-4238-A61B-04A11328A24A}.Debug|Any CPU.Build.0 = Debug|Any CPU
		{A56B0752-F02A-4238-A61B-04A11328A24A}.Debug|x64.ActiveCfg = Debug|Any CPU
		{A56B0752-F02A-4238-A61B-04A11328A24A}.Debug|x64.Build.0 = Debug|Any CPU
		{A56B0752-F02A-4238-A61B-04A11328A24A}.Debug|x86.ActiveCfg = Debug|Any CPU
		{A56B0752-F02A-4238-A61B-04A11328A24A}.Debug|x86.Build.0 = Debug|Any CPU
		{A56B0752-F02A-4238-A61B-04A11328A24A}.Release|Any CPU.ActiveCfg = Release|Any CPU
		{A56B0752-F02A-4238-A61B-04A11328A24A}.Release|x64.ActiveCfg = Release|Any CPU
		{A56B0752-F02A-4238-A61B-04A11328A24A}.Release|x64.Build.0 = Release|Any CPU
		{A56B0752-F02A-4238-A61B-04A11328A24A}.Release|x86.ActiveCfg = Release|Any CPU
		{A56B0752-F02A-4238-A61B-04A11328A24A}.Release|x86.Build.0 = Release|Any CPU
		{73E0F5C9-87DC-47C3-AB74-0D87BC62674D}.Debug|Any CPU.ActiveCfg = Debug|Any CPU
		{73E0F5C9-87DC-47C3-AB74-0D87BC62674D}.Debug|Any CPU.Build.0 = Debug|Any CPU
		{73E0F5C9-87DC-47C3-AB74-0D87BC62674D}.Debug|x64.ActiveCfg = Debug|Any CPU
		{73E0F5C9-87DC-47C3-AB74-0D87BC62674D}.Debug|x64.Build.0 = Debug|Any CPU
		{73E0F5C9-87DC-47C3-AB74-0D87BC62674D}.Debug|x86.ActiveCfg = Debug|Any CPU
		{73E0F5C9-87DC-47C3-AB74-0D87BC62674D}.Debug|x86.Build.0 = Debug|Any CPU
		{73E0F5C9-87DC-47C3-AB74-0D87BC62674D}.Release|Any CPU.ActiveCfg = Release|Any CPU
		{73E0F5C9-87DC-47C3-AB74-0D87BC62674D}.Release|Any CPU.Build.0 = Release|Any CPU
		{73E0F5C9-87DC-47C3-AB74-0D87BC62674D}.Release|x64.ActiveCfg = Release|Any CPU
		{73E0F5C9-87DC-47C3-AB74-0D87BC62674D}.Release|x64.Build.0 = Release|Any CPU
		{73E0F5C9-87DC-47C3-AB74-0D87BC62674D}.Release|x86.ActiveCfg = Release|Any CPU
		{73E0F5C9-87DC-47C3-AB74-0D87BC62674D}.Release|x86.Build.0 = Release|Any CPU
		{3EDC0325-BDBA-48BB-B21B-AC1F4C6B34C2}.Debug|Any CPU.ActiveCfg = Debug|Any CPU
		{3EDC0325-BDBA-48BB-B21B-AC1F4C6B34C2}.Debug|Any CPU.Build.0 = Debug|Any CPU
		{3EDC0325-BDBA-48BB-B21B-AC1F4C6B34C2}.Debug|x64.ActiveCfg = Debug|Any CPU
		{3EDC0325-BDBA-48BB-B21B-AC1F4C6B34C2}.Debug|x64.Build.0 = Debug|Any CPU
		{3EDC0325-BDBA-48BB-B21B-AC1F4C6B34C2}.Debug|x86.ActiveCfg = Debug|Any CPU
		{3EDC0325-BDBA-48BB-B21B-AC1F4C6B34C2}.Debug|x86.Build.0 = Debug|Any CPU
		{3EDC0325-BDBA-48BB-B21B-AC1F4C6B34C2}.Release|Any CPU.ActiveCfg = Release|Any CPU
		{3EDC0325-BDBA-48BB-B21B-AC1F4C6B34C2}.Release|Any CPU.Build.0 = Release|Any CPU
		{3EDC0325-BDBA-48BB-B21B-AC1F4C6B34C2}.Release|x64.ActiveCfg = Release|Any CPU
		{3EDC0325-BDBA-48BB-B21B-AC1F4C6B34C2}.Release|x64.Build.0 = Release|Any CPU
		{3EDC0325-BDBA-48BB-B21B-AC1F4C6B34C2}.Release|x86.ActiveCfg = Release|Any CPU
		{3EDC0325-BDBA-48BB-B21B-AC1F4C6B34C2}.Release|x86.Build.0 = Release|Any CPU
		{1271C27B-0F36-4842-8297-205A955AC0A6}.Debug|Any CPU.ActiveCfg = Debug|Any CPU
		{1271C27B-0F36-4842-8297-205A955AC0A6}.Debug|Any CPU.Build.0 = Debug|Any CPU
		{1271C27B-0F36-4842-8297-205A955AC0A6}.Debug|x64.ActiveCfg = Debug|Any CPU
		{1271C27B-0F36-4842-8297-205A955AC0A6}.Debug|x64.Build.0 = Debug|Any CPU
		{1271C27B-0F36-4842-8297-205A955AC0A6}.Debug|x86.ActiveCfg = Debug|Any CPU
		{1271C27B-0F36-4842-8297-205A955AC0A6}.Debug|x86.Build.0 = Debug|Any CPU
		{1271C27B-0F36-4842-8297-205A955AC0A6}.Release|Any CPU.ActiveCfg = Release|Any CPU
		{1271C27B-0F36-4842-8297-205A955AC0A6}.Release|x64.ActiveCfg = Release|Any CPU
		{1271C27B-0F36-4842-8297-205A955AC0A6}.Release|x64.Build.0 = Release|Any CPU
		{1271C27B-0F36-4842-8297-205A955AC0A6}.Release|x86.ActiveCfg = Release|Any CPU
		{1271C27B-0F36-4842-8297-205A955AC0A6}.Release|x86.Build.0 = Release|Any CPU
		{3ACA5FFA-7228-4BF1-85C8-A71187691593}.Debug|Any CPU.ActiveCfg = Debug|Any CPU
		{3ACA5FFA-7228-4BF1-85C8-A71187691593}.Debug|Any CPU.Build.0 = Debug|Any CPU
		{3ACA5FFA-7228-4BF1-85C8-A71187691593}.Debug|x64.ActiveCfg = Debug|Any CPU
		{3ACA5FFA-7228-4BF1-85C8-A71187691593}.Debug|x64.Build.0 = Debug|Any CPU
		{3ACA5FFA-7228-4BF1-85C8-A71187691593}.Debug|x86.ActiveCfg = Debug|Any CPU
		{3ACA5FFA-7228-4BF1-85C8-A71187691593}.Debug|x86.Build.0 = Debug|Any CPU
		{3ACA5FFA-7228-4BF1-85C8-A71187691593}.Release|Any CPU.ActiveCfg = Release|Any CPU
		{3ACA5FFA-7228-4BF1-85C8-A71187691593}.Release|x64.ActiveCfg = Release|Any CPU
		{3ACA5FFA-7228-4BF1-85C8-A71187691593}.Release|x64.Build.0 = Release|Any CPU
		{3ACA5FFA-7228-4BF1-85C8-A71187691593}.Release|x86.ActiveCfg = Release|Any CPU
		{3ACA5FFA-7228-4BF1-85C8-A71187691593}.Release|x86.Build.0 = Release|Any CPU
		{66CA66AA-62EE-423B-BC82-EB4399E6D055}.Debug|Any CPU.ActiveCfg = Debug|Any CPU
		{66CA66AA-62EE-423B-BC82-EB4399E6D055}.Debug|Any CPU.Build.0 = Debug|Any CPU
		{66CA66AA-62EE-423B-BC82-EB4399E6D055}.Debug|x64.ActiveCfg = Debug|Any CPU
		{66CA66AA-62EE-423B-BC82-EB4399E6D055}.Debug|x64.Build.0 = Debug|Any CPU
		{66CA66AA-62EE-423B-BC82-EB4399E6D055}.Debug|x86.ActiveCfg = Debug|Any CPU
		{66CA66AA-62EE-423B-BC82-EB4399E6D055}.Debug|x86.Build.0 = Debug|Any CPU
		{66CA66AA-62EE-423B-BC82-EB4399E6D055}.Release|Any CPU.ActiveCfg = Release|Any CPU
		{66CA66AA-62EE-423B-BC82-EB4399E6D055}.Release|Any CPU.Build.0 = Release|Any CPU
		{66CA66AA-62EE-423B-BC82-EB4399E6D055}.Release|x64.ActiveCfg = Release|Any CPU
		{66CA66AA-62EE-423B-BC82-EB4399E6D055}.Release|x64.Build.0 = Release|Any CPU
		{66CA66AA-62EE-423B-BC82-EB4399E6D055}.Release|x86.ActiveCfg = Release|Any CPU
		{66CA66AA-62EE-423B-BC82-EB4399E6D055}.Release|x86.Build.0 = Release|Any CPU
		{8CD2E905-87F6-45ED-AB4F-2F55E9FC52B6}.Debug|Any CPU.ActiveCfg = Debug|Any CPU
		{8CD2E905-87F6-45ED-AB4F-2F55E9FC52B6}.Debug|Any CPU.Build.0 = Debug|Any CPU
		{8CD2E905-87F6-45ED-AB4F-2F55E9FC52B6}.Debug|x64.ActiveCfg = Debug|Any CPU
		{8CD2E905-87F6-45ED-AB4F-2F55E9FC52B6}.Debug|x64.Build.0 = Debug|Any CPU
		{8CD2E905-87F6-45ED-AB4F-2F55E9FC52B6}.Debug|x86.ActiveCfg = Debug|Any CPU
		{8CD2E905-87F6-45ED-AB4F-2F55E9FC52B6}.Debug|x86.Build.0 = Debug|Any CPU
		{8CD2E905-87F6-45ED-AB4F-2F55E9FC52B6}.Release|Any CPU.ActiveCfg = Release|Any CPU
		{8CD2E905-87F6-45ED-AB4F-2F55E9FC52B6}.Release|x64.ActiveCfg = Release|Any CPU
		{8CD2E905-87F6-45ED-AB4F-2F55E9FC52B6}.Release|x64.Build.0 = Release|Any CPU
		{8CD2E905-87F6-45ED-AB4F-2F55E9FC52B6}.Release|x86.ActiveCfg = Release|Any CPU
		{8CD2E905-87F6-45ED-AB4F-2F55E9FC52B6}.Release|x86.Build.0 = Release|Any CPU
		{DA3F5BED-5CEB-47DD-8148-CCDBE5B4B99E}.Debug|Any CPU.ActiveCfg = Debug|Any CPU
		{DA3F5BED-5CEB-47DD-8148-CCDBE5B4B99E}.Debug|Any CPU.Build.0 = Debug|Any CPU
		{DA3F5BED-5CEB-47DD-8148-CCDBE5B4B99E}.Debug|x64.ActiveCfg = Debug|Any CPU
		{DA3F5BED-5CEB-47DD-8148-CCDBE5B4B99E}.Debug|x64.Build.0 = Debug|Any CPU
		{DA3F5BED-5CEB-47DD-8148-CCDBE5B4B99E}.Debug|x86.ActiveCfg = Debug|Any CPU
		{DA3F5BED-5CEB-47DD-8148-CCDBE5B4B99E}.Debug|x86.Build.0 = Debug|Any CPU
		{DA3F5BED-5CEB-47DD-8148-CCDBE5B4B99E}.Release|Any CPU.ActiveCfg = Release|Any CPU
		{DA3F5BED-5CEB-47DD-8148-CCDBE5B4B99E}.Release|Any CPU.Build.0 = Release|Any CPU
		{DA3F5BED-5CEB-47DD-8148-CCDBE5B4B99E}.Release|x64.ActiveCfg = Release|Any CPU
		{DA3F5BED-5CEB-47DD-8148-CCDBE5B4B99E}.Release|x64.Build.0 = Release|Any CPU
		{DA3F5BED-5CEB-47DD-8148-CCDBE5B4B99E}.Release|x86.ActiveCfg = Release|Any CPU
		{DA3F5BED-5CEB-47DD-8148-CCDBE5B4B99E}.Release|x86.Build.0 = Release|Any CPU
		{2A53DAD5-E238-4AEA-9BDE-78EF4D794AFF}.Debug|Any CPU.ActiveCfg = Debug|Any CPU
		{2A53DAD5-E238-4AEA-9BDE-78EF4D794AFF}.Debug|Any CPU.Build.0 = Debug|Any CPU
		{2A53DAD5-E238-4AEA-9BDE-78EF4D794AFF}.Debug|x64.ActiveCfg = Debug|Any CPU
		{2A53DAD5-E238-4AEA-9BDE-78EF4D794AFF}.Debug|x64.Build.0 = Debug|Any CPU
		{2A53DAD5-E238-4AEA-9BDE-78EF4D794AFF}.Debug|x86.ActiveCfg = Debug|Any CPU
		{2A53DAD5-E238-4AEA-9BDE-78EF4D794AFF}.Debug|x86.Build.0 = Debug|Any CPU
		{2A53DAD5-E238-4AEA-9BDE-78EF4D794AFF}.Release|Any CPU.ActiveCfg = Release|Any CPU
		{2A53DAD5-E238-4AEA-9BDE-78EF4D794AFF}.Release|Any CPU.Build.0 = Release|Any CPU
		{2A53DAD5-E238-4AEA-9BDE-78EF4D794AFF}.Release|x64.ActiveCfg = Release|Any CPU
		{2A53DAD5-E238-4AEA-9BDE-78EF4D794AFF}.Release|x64.Build.0 = Release|Any CPU
		{2A53DAD5-E238-4AEA-9BDE-78EF4D794AFF}.Release|x86.ActiveCfg = Release|Any CPU
		{2A53DAD5-E238-4AEA-9BDE-78EF4D794AFF}.Release|x86.Build.0 = Release|Any CPU
	EndGlobalSection
	GlobalSection(SolutionProperties) = preSolution
		HideSolutionNode = FALSE
	EndGlobalSection
	GlobalSection(ExtensibilityGlobals) = postSolution
		SolutionGuid = {103FD3A6-4F85-4DC0-B65F-7E974EA202FE}
	EndGlobalSection
EndGlobal
