
Microsoft Visual Studio Solution File, Format Version 12.00
# Visual Studio Version 17
VisualStudioVersion = 17.2.32505.173
MinimumVisualStudioVersion = 15.0.26124.0
Project("{9A19103F-16F7-4668-BE54-9A1E7A4F7556}") = "Configuration", "Libs\Configuration\Configuration.csproj", "{C441FBE3-E188-4D4F-A990-2BE9D031BC60}"
EndProject
Project("{9A19103F-16F7-4668-BE54-9A1E7A4F7556}") = "CxRestClient", "Libs\CxRestClient\CxRestClient.csproj", "{DC9E7B0E-AF07-4C23-8FAE-52AC6BAA5712}"
EndProject
Project("{9A19103F-16F7-4668-BE54-9A1E7A4F7556}") = "CxAnalytixCLI", "Applications\CxAnalytixCLI\CxAnalytixCLI.csproj", "{C779934C-7FF2-41BC-8371-F074E5A54958}"
EndProject
Project("{9A19103F-16F7-4668-BE54-9A1E7A4F7556}") = "CxAnalytixService", "Applications\CxAnalytixService\CxAnalytixService.csproj", "{2A83F8F6-A40F-4A68-845C-229051AE2A51}"
EndProject
Project("{9A19103F-16F7-4668-BE54-9A1E7A4F7556}") = "Log4NetOutput", "Output\Log4NetOutput\Log4NetOutput.csproj", "{628F0804-B5FA-449B-945C-38993513A79B}"
EndProject
Project("{9A19103F-16F7-4668-BE54-9A1E7A4F7556}") = "LogCleaner", "Libs\LogCleaner\LogCleaner.csproj", "{4B4FBC38-FB3A-47B1-B25D-8DE40A2FF687}"
EndProject
Project("{9A19103F-16F7-4668-BE54-9A1E7A4F7556}") = "LogCleaner_Tests", "Tests\LogCleaner_Tests\LogCleaner_Tests.csproj", "{7BF32DE9-98CD-4795-8463-396D9A6A47BA}"
EndProject
Project("{9A19103F-16F7-4668-BE54-9A1E7A4F7556}") = "TransformLogic_Tests", "Tests\TransformLogic_Tests\TransformLogic_Tests.csproj", "{FBCA5425-BE5B-4BA0-9714-26925BFFE273}"
EndProject
Project("{9A19103F-16F7-4668-BE54-9A1E7A4F7556}") = "CxRestClient_Tests", "Tests\CxRestClient_Tests\CxRestClient_Tests.csproj", "{397852E9-467A-4098-983B-47C6888F85D1}"
EndProject
Project("{9A19103F-16F7-4668-BE54-9A1E7A4F7556}") = "CxAnalytixDaemon", "Applications\CxAnalytixDaemon\CxAnalytixDaemon.csproj", "{DF520E46-2739-4C28-BB4B-9DEBF8A551C7}"
EndProject
Project("{9A19103F-16F7-4668-BE54-9A1E7A4F7556}") = "MongoDBOutput", "Output\MongoDBOutput\MongoDBOutput.csproj", "{332A35DB-4ECA-4482-B93A-A9DBEAC5AF16}"
EndProject
Project("{9A19103F-16F7-4668-BE54-9A1E7A4F7556}") = "Extensions_Test", "Tests\Extensions_Test\Extensions_Test.csproj", "{1546DA62-BCD4-4CD3-81B3-F02251B42A50}"
EndProject
Project("{9A19103F-16F7-4668-BE54-9A1E7A4F7556}") = "Extensions", "Libs\Extensions\Extensions.csproj", "{06F7346C-CA7C-477D-A475-8177E84A51C4}"
EndProject
Project("{9A19103F-16F7-4668-BE54-9A1E7A4F7556}") = "StringFormatExamples", "SDK\StringFormatExamples\StringFormatExamples.csproj", "{A7121C35-FE42-4677-BBA4-CF633595F50F}"
EndProject
Project("{9A19103F-16F7-4668-BE54-9A1E7A4F7556}") = "CxAuditTrailsDB", "Libs\CxAuditTrailsDB\CxAuditTrailsDB.csproj", "{93C5C7C1-A7D5-4F79-A2A9-74C711AAB926}"
EndProject
Project("{9A19103F-16F7-4668-BE54-9A1E7A4F7556}") = "Configuration_Tests", "Tests\Configuration_Tests\Configuration_Tests.csproj", "{25881CD3-C7C2-4103-97B3-0C4050C4C011}"
EndProject
Project("{9A19103F-16F7-4668-BE54-9A1E7A4F7556}") = "CxAuditTrailsDirectDB", "Libs\CxAuditTrailsDirectDB\CxAuditTrailsDirectDB.csproj", "{9363739E-7D08-486D-8D64-1DB2B5D18245}"
EndProject
Project("{9A19103F-16F7-4668-BE54-9A1E7A4F7556}") = "CxAuditTrailsCrawler", "Libs\CxAuditTrailsCrawler\CxAuditTrailsCrawler.csproj", "{74B9951B-B5A3-468A-A3B5-6CBA056E5090}"
EndProject
Project("{9A19103F-16F7-4668-BE54-9A1E7A4F7556}") = "Interfaces", "Libs\Interfaces\Interfaces.csproj", "{3ADD8828-7E89-4705-B450-9A27D6356DF1}"
EndProject
Project("{9A19103F-16F7-4668-BE54-9A1E7A4F7556}") = "CxAuditTrailsCrawler_Tests", "Tests\CxAuditTrailsCrawler_Tests\CxAuditTrailsCrawler_Tests.csproj", "{A56B0752-F02A-4238-A61B-04A11328A24A}"
EndProject
Project("{9A19103F-16F7-4668-BE54-9A1E7A4F7556}") = "Exceptions", "Libs\Exceptions\Exceptions.csproj", "{73E0F5C9-87DC-47C3-AB74-0D87BC62674D}"
EndProject
Project("{9A19103F-16F7-4668-BE54-9A1E7A4F7556}") = "Utilities", "Libs\Utilities\Utilities.csproj", "{3EDC0325-BDBA-48BB-B21B-AC1F4C6B34C2}"
EndProject
Project("{9A19103F-16F7-4668-BE54-9A1E7A4F7556}") = "Utilities_Tests", "Tests\Utilities_Tests\Utilities_Tests.csproj", "{1271C27B-0F36-4842-8297-205A955AC0A6}"
EndProject
Project("{9A19103F-16F7-4668-BE54-9A1E7A4F7556}") = "RegressionTester", "QA\RegressionTester\RegressionTester.csproj", "{3ACA5FFA-7228-4BF1-85C8-A71187691593}"
EndProject
Project("{9A19103F-16F7-4668-BE54-9A1E7A4F7556}") = "ProjectFilter", "Libs\ProjectFilter\ProjectFilter.csproj", "{66CA66AA-62EE-423B-BC82-EB4399E6D055}"
EndProject
Project("{9A19103F-16F7-4668-BE54-9A1E7A4F7556}") = "ProjectFilter_Tests", "Tests\ProjectFilter_Tests\ProjectFilter_Tests.csproj", "{8CD2E905-87F6-45ED-AB4F-2F55E9FC52B6}"
EndProject
Project("{2150E333-8FDC-42A3-9474-1A3956D46DE8}") = "config_files", "config_files", "{1A6250A3-C2ED-42F5-B77E-0FB1DD226C2F}"
	ProjectSection(SolutionItems) = preProject
		config_files\dotnet.exe.config = config_files\dotnet.exe.config
		config_files\log.log4net = config_files\log.log4net
	EndProjectSection
EndProject
Project("{9A19103F-16F7-4668-BE54-9A1E7A4F7556}") = "OutputBootstrapper", "Libs\OutputBootstrapper\OutputBootstrapper.csproj", "{DA3F5BED-5CEB-47DD-8148-CCDBE5B4B99E}"
EndProject
Project("{9A19103F-16F7-4668-BE54-9A1E7A4F7556}") = "AMQPOutput", "Output\AMQPOutput\AMQPOutput.csproj", "{2A53DAD5-E238-4AEA-9BDE-78EF4D794AFF}"
EndProject
Project("{2150E333-8FDC-42A3-9474-1A3956D46DE8}") = "SDK", "SDK", "{C3D3927F-5DA8-4014-BB68-A266E3DEB978}"
EndProject
Project("{2150E333-8FDC-42A3-9474-1A3956D46DE8}") = "QA", "QA", "{18B3DC61-B17E-4891-A4CB-E93AE768538C}"
EndProject
Project("{2150E333-8FDC-42A3-9474-1A3956D46DE8}") = "Applications", "Applications", "{0E804BEC-46FD-4FA3-954E-D17F4F5563AD}"
EndProject
Project("{2150E333-8FDC-42A3-9474-1A3956D46DE8}") = "Output", "Output", "{5AAB5D06-DA74-4225-8CAB-7B61E4802A0B}"
EndProject
Project("{2150E333-8FDC-42A3-9474-1A3956D46DE8}") = "Libs", "Libs", "{65A9CB79-EF7B-47C2-9E4B-92FC86B32BB7}"
EndProject
Project("{2150E333-8FDC-42A3-9474-1A3956D46DE8}") = "Tests", "Tests", "{0C424EFF-74A3-41D4-8B47-A32F8ACD007F}"
EndProject
Project("{9A19103F-16F7-4668-BE54-9A1E7A4F7556}") = "Executive", "Libs\Executive\Executive.csproj", "{04E491DA-0695-4947-989F-81463E9531CE}"
EndProject
Project("{9A19103F-16F7-4668-BE54-9A1E7A4F7556}") = "SDK.Modules", "SDK\SDK.Modules\SDK.Modules.csproj", "{1DD4DC09-0CE1-4575-BB5B-5F31DB13E01F}"
EndProject
Project("{2150E333-8FDC-42A3-9474-1A3956D46DE8}") = "Xform", "Xform", "{203A826C-286F-442C-B7B9-E43F806B8778}"
EndProject
Project("{9A19103F-16F7-4668-BE54-9A1E7A4F7556}") = "ScaTransformer", "XForm\ScaTransformer\ScaTransformer.csproj", "{2B0E82D0-D423-4D3A-B16E-A64365D1C131}"
EndProject
Project("{9A19103F-16F7-4668-BE54-9A1E7A4F7556}") = "SastTransformer", "XForm\SastTransformer\SastTransformer.csproj", "{0788985B-731F-4BA5-A7E3-5C7996074B54}"
EndProject
Project("{9A19103F-16F7-4668-BE54-9A1E7A4F7556}") = "Common", "XForm\Common\Common.csproj", "{BE71BE3E-7591-4D62-BFB3-F77D7B57F12A}"
EndProject
Global
	GlobalSection(SolutionConfigurationPlatforms) = preSolution
		Debug|Any CPU = Debug|Any CPU
		Debug|x64 = Debug|x64
		Debug|x86 = Debug|x86
		Release|Any CPU = Release|Any CPU
		Release|x64 = Release|x64
		Release|x86 = Release|x86
		ReleaseLinux|Any CPU = ReleaseLinux|Any CPU
		ReleaseLinux|x64 = ReleaseLinux|x64
		ReleaseLinux|x86 = ReleaseLinux|x86
		ReleaseWindows|Any CPU = ReleaseWindows|Any CPU
		ReleaseWindows|x64 = ReleaseWindows|x64
		ReleaseWindows|x86 = ReleaseWindows|x86
	EndGlobalSection
	GlobalSection(ProjectConfigurationPlatforms) = postSolution
		{C441FBE3-E188-4D4F-A990-2BE9D031BC60}.Debug|Any CPU.ActiveCfg = Debug|Any CPU
		{C441FBE3-E188-4D4F-A990-2BE9D031BC60}.Debug|Any CPU.Build.0 = Debug|Any CPU
		{C441FBE3-E188-4D4F-A990-2BE9D031BC60}.Debug|x64.ActiveCfg = Debug|Any CPU
		{C441FBE3-E188-4D4F-A990-2BE9D031BC60}.Debug|x64.Build.0 = Debug|Any CPU
		{C441FBE3-E188-4D4F-A990-2BE9D031BC60}.Debug|x86.ActiveCfg = Debug|Any CPU
		{C441FBE3-E188-4D4F-A990-2BE9D031BC60}.Debug|x86.Build.0 = Debug|Any CPU
		{C441FBE3-E188-4D4F-A990-2BE9D031BC60}.Release|Any CPU.ActiveCfg = Release|Any CPU
		{C441FBE3-E188-4D4F-A990-2BE9D031BC60}.Release|Any CPU.Build.0 = Release|Any CPU
		{C441FBE3-E188-4D4F-A990-2BE9D031BC60}.Release|x64.ActiveCfg = Release|Any CPU
		{C441FBE3-E188-4D4F-A990-2BE9D031BC60}.Release|x64.Build.0 = Release|Any CPU
		{C441FBE3-E188-4D4F-A990-2BE9D031BC60}.Release|x86.ActiveCfg = Release|Any CPU
		{C441FBE3-E188-4D4F-A990-2BE9D031BC60}.Release|x86.Build.0 = Release|Any CPU
		{C441FBE3-E188-4D4F-A990-2BE9D031BC60}.ReleaseLinux|Any CPU.ActiveCfg = ReleaseLinux|Any CPU
		{C441FBE3-E188-4D4F-A990-2BE9D031BC60}.ReleaseLinux|Any CPU.Build.0 = ReleaseLinux|Any CPU
		{C441FBE3-E188-4D4F-A990-2BE9D031BC60}.ReleaseLinux|x64.ActiveCfg = ReleaseLinux|Any CPU
		{C441FBE3-E188-4D4F-A990-2BE9D031BC60}.ReleaseLinux|x64.Build.0 = ReleaseLinux|Any CPU
		{C441FBE3-E188-4D4F-A990-2BE9D031BC60}.ReleaseLinux|x86.ActiveCfg = ReleaseLinux|Any CPU
		{C441FBE3-E188-4D4F-A990-2BE9D031BC60}.ReleaseLinux|x86.Build.0 = ReleaseLinux|Any CPU
		{C441FBE3-E188-4D4F-A990-2BE9D031BC60}.ReleaseWindows|Any CPU.ActiveCfg = ReleaseWindows|Any CPU
		{C441FBE3-E188-4D4F-A990-2BE9D031BC60}.ReleaseWindows|Any CPU.Build.0 = ReleaseWindows|Any CPU
		{C441FBE3-E188-4D4F-A990-2BE9D031BC60}.ReleaseWindows|x64.ActiveCfg = ReleaseWindows|Any CPU
		{C441FBE3-E188-4D4F-A990-2BE9D031BC60}.ReleaseWindows|x64.Build.0 = ReleaseWindows|Any CPU
		{C441FBE3-E188-4D4F-A990-2BE9D031BC60}.ReleaseWindows|x86.ActiveCfg = ReleaseWindows|Any CPU
		{C441FBE3-E188-4D4F-A990-2BE9D031BC60}.ReleaseWindows|x86.Build.0 = ReleaseWindows|Any CPU
		{DC9E7B0E-AF07-4C23-8FAE-52AC6BAA5712}.Debug|Any CPU.ActiveCfg = Debug|Any CPU
		{DC9E7B0E-AF07-4C23-8FAE-52AC6BAA5712}.Debug|Any CPU.Build.0 = Debug|Any CPU
		{DC9E7B0E-AF07-4C23-8FAE-52AC6BAA5712}.Debug|x64.ActiveCfg = Debug|Any CPU
		{DC9E7B0E-AF07-4C23-8FAE-52AC6BAA5712}.Debug|x64.Build.0 = Debug|Any CPU
		{DC9E7B0E-AF07-4C23-8FAE-52AC6BAA5712}.Debug|x86.ActiveCfg = Debug|Any CPU
		{DC9E7B0E-AF07-4C23-8FAE-52AC6BAA5712}.Debug|x86.Build.0 = Debug|Any CPU
		{DC9E7B0E-AF07-4C23-8FAE-52AC6BAA5712}.Release|Any CPU.ActiveCfg = Release|Any CPU
		{DC9E7B0E-AF07-4C23-8FAE-52AC6BAA5712}.Release|Any CPU.Build.0 = Release|Any CPU
		{DC9E7B0E-AF07-4C23-8FAE-52AC6BAA5712}.Release|x64.ActiveCfg = Release|Any CPU
		{DC9E7B0E-AF07-4C23-8FAE-52AC6BAA5712}.Release|x64.Build.0 = Release|Any CPU
		{DC9E7B0E-AF07-4C23-8FAE-52AC6BAA5712}.Release|x86.ActiveCfg = Release|Any CPU
		{DC9E7B0E-AF07-4C23-8FAE-52AC6BAA5712}.Release|x86.Build.0 = Release|Any CPU
		{DC9E7B0E-AF07-4C23-8FAE-52AC6BAA5712}.ReleaseLinux|Any CPU.ActiveCfg = ReleaseLinux|Any CPU
		{DC9E7B0E-AF07-4C23-8FAE-52AC6BAA5712}.ReleaseLinux|Any CPU.Build.0 = ReleaseLinux|Any CPU
		{DC9E7B0E-AF07-4C23-8FAE-52AC6BAA5712}.ReleaseLinux|x64.ActiveCfg = ReleaseLinux|Any CPU
		{DC9E7B0E-AF07-4C23-8FAE-52AC6BAA5712}.ReleaseLinux|x64.Build.0 = ReleaseLinux|Any CPU
		{DC9E7B0E-AF07-4C23-8FAE-52AC6BAA5712}.ReleaseLinux|x86.ActiveCfg = ReleaseLinux|Any CPU
		{DC9E7B0E-AF07-4C23-8FAE-52AC6BAA5712}.ReleaseLinux|x86.Build.0 = ReleaseLinux|Any CPU
		{DC9E7B0E-AF07-4C23-8FAE-52AC6BAA5712}.ReleaseWindows|Any CPU.ActiveCfg = ReleaseWindows|Any CPU
		{DC9E7B0E-AF07-4C23-8FAE-52AC6BAA5712}.ReleaseWindows|Any CPU.Build.0 = ReleaseWindows|Any CPU
		{DC9E7B0E-AF07-4C23-8FAE-52AC6BAA5712}.ReleaseWindows|x64.ActiveCfg = ReleaseWindows|Any CPU
		{DC9E7B0E-AF07-4C23-8FAE-52AC6BAA5712}.ReleaseWindows|x64.Build.0 = ReleaseWindows|Any CPU
		{DC9E7B0E-AF07-4C23-8FAE-52AC6BAA5712}.ReleaseWindows|x86.ActiveCfg = ReleaseWindows|Any CPU
		{DC9E7B0E-AF07-4C23-8FAE-52AC6BAA5712}.ReleaseWindows|x86.Build.0 = ReleaseWindows|Any CPU
		{C779934C-7FF2-41BC-8371-F074E5A54958}.Debug|Any CPU.ActiveCfg = Debug|Any CPU
		{C779934C-7FF2-41BC-8371-F074E5A54958}.Debug|Any CPU.Build.0 = Debug|Any CPU
		{C779934C-7FF2-41BC-8371-F074E5A54958}.Debug|x64.ActiveCfg = Debug|Any CPU
		{C779934C-7FF2-41BC-8371-F074E5A54958}.Debug|x64.Build.0 = Debug|Any CPU
		{C779934C-7FF2-41BC-8371-F074E5A54958}.Debug|x86.ActiveCfg = Debug|Any CPU
		{C779934C-7FF2-41BC-8371-F074E5A54958}.Debug|x86.Build.0 = Debug|Any CPU
		{C779934C-7FF2-41BC-8371-F074E5A54958}.Release|Any CPU.ActiveCfg = Release|Any CPU
		{C779934C-7FF2-41BC-8371-F074E5A54958}.Release|Any CPU.Build.0 = Release|Any CPU
		{C779934C-7FF2-41BC-8371-F074E5A54958}.Release|x64.ActiveCfg = Release|Any CPU
		{C779934C-7FF2-41BC-8371-F074E5A54958}.Release|x64.Build.0 = Release|Any CPU
		{C779934C-7FF2-41BC-8371-F074E5A54958}.Release|x86.ActiveCfg = Release|Any CPU
		{C779934C-7FF2-41BC-8371-F074E5A54958}.Release|x86.Build.0 = Release|Any CPU
		{C779934C-7FF2-41BC-8371-F074E5A54958}.ReleaseLinux|Any CPU.ActiveCfg = ReleaseLinux|Any CPU
		{C779934C-7FF2-41BC-8371-F074E5A54958}.ReleaseLinux|Any CPU.Build.0 = ReleaseLinux|Any CPU
		{C779934C-7FF2-41BC-8371-F074E5A54958}.ReleaseLinux|x64.ActiveCfg = ReleaseLinux|Any CPU
		{C779934C-7FF2-41BC-8371-F074E5A54958}.ReleaseLinux|x64.Build.0 = ReleaseLinux|Any CPU
		{C779934C-7FF2-41BC-8371-F074E5A54958}.ReleaseLinux|x86.ActiveCfg = ReleaseLinux|Any CPU
		{C779934C-7FF2-41BC-8371-F074E5A54958}.ReleaseLinux|x86.Build.0 = ReleaseLinux|Any CPU
		{C779934C-7FF2-41BC-8371-F074E5A54958}.ReleaseWindows|Any CPU.ActiveCfg = ReleaseWindows|Any CPU
		{C779934C-7FF2-41BC-8371-F074E5A54958}.ReleaseWindows|Any CPU.Build.0 = ReleaseWindows|Any CPU
		{C779934C-7FF2-41BC-8371-F074E5A54958}.ReleaseWindows|x64.ActiveCfg = ReleaseWindows|Any CPU
		{C779934C-7FF2-41BC-8371-F074E5A54958}.ReleaseWindows|x64.Build.0 = ReleaseWindows|Any CPU
		{C779934C-7FF2-41BC-8371-F074E5A54958}.ReleaseWindows|x86.ActiveCfg = ReleaseWindows|Any CPU
		{C779934C-7FF2-41BC-8371-F074E5A54958}.ReleaseWindows|x86.Build.0 = ReleaseWindows|Any CPU
		{2A83F8F6-A40F-4A68-845C-229051AE2A51}.Debug|Any CPU.ActiveCfg = Debug|Any CPU
		{2A83F8F6-A40F-4A68-845C-229051AE2A51}.Debug|Any CPU.Build.0 = Debug|Any CPU
		{2A83F8F6-A40F-4A68-845C-229051AE2A51}.Debug|x64.ActiveCfg = Debug|Any CPU
		{2A83F8F6-A40F-4A68-845C-229051AE2A51}.Debug|x64.Build.0 = Debug|Any CPU
		{2A83F8F6-A40F-4A68-845C-229051AE2A51}.Debug|x86.ActiveCfg = Debug|Any CPU
		{2A83F8F6-A40F-4A68-845C-229051AE2A51}.Debug|x86.Build.0 = Debug|Any CPU
		{2A83F8F6-A40F-4A68-845C-229051AE2A51}.Release|Any CPU.ActiveCfg = Release|Any CPU
		{2A83F8F6-A40F-4A68-845C-229051AE2A51}.Release|Any CPU.Build.0 = Release|Any CPU
		{2A83F8F6-A40F-4A68-845C-229051AE2A51}.Release|x64.ActiveCfg = Release|Any CPU
		{2A83F8F6-A40F-4A68-845C-229051AE2A51}.Release|x64.Build.0 = Release|Any CPU
		{2A83F8F6-A40F-4A68-845C-229051AE2A51}.Release|x86.ActiveCfg = Release|Any CPU
		{2A83F8F6-A40F-4A68-845C-229051AE2A51}.Release|x86.Build.0 = Release|Any CPU
		{2A83F8F6-A40F-4A68-845C-229051AE2A51}.ReleaseLinux|Any CPU.ActiveCfg = ReleaseLinux|Any CPU
		{2A83F8F6-A40F-4A68-845C-229051AE2A51}.ReleaseLinux|x64.ActiveCfg = ReleaseLinux|Any CPU
		{2A83F8F6-A40F-4A68-845C-229051AE2A51}.ReleaseLinux|x64.Build.0 = ReleaseLinux|Any CPU
		{2A83F8F6-A40F-4A68-845C-229051AE2A51}.ReleaseLinux|x86.ActiveCfg = ReleaseLinux|Any CPU
		{2A83F8F6-A40F-4A68-845C-229051AE2A51}.ReleaseLinux|x86.Build.0 = ReleaseLinux|Any CPU
		{2A83F8F6-A40F-4A68-845C-229051AE2A51}.ReleaseWindows|Any CPU.ActiveCfg = ReleaseWindows|Any CPU
		{2A83F8F6-A40F-4A68-845C-229051AE2A51}.ReleaseWindows|Any CPU.Build.0 = ReleaseWindows|Any CPU
		{2A83F8F6-A40F-4A68-845C-229051AE2A51}.ReleaseWindows|x64.ActiveCfg = ReleaseWindows|Any CPU
		{2A83F8F6-A40F-4A68-845C-229051AE2A51}.ReleaseWindows|x64.Build.0 = ReleaseWindows|Any CPU
		{2A83F8F6-A40F-4A68-845C-229051AE2A51}.ReleaseWindows|x86.ActiveCfg = ReleaseWindows|Any CPU
		{2A83F8F6-A40F-4A68-845C-229051AE2A51}.ReleaseWindows|x86.Build.0 = ReleaseWindows|Any CPU
		{628F0804-B5FA-449B-945C-38993513A79B}.Debug|Any CPU.ActiveCfg = Debug|Any CPU
		{628F0804-B5FA-449B-945C-38993513A79B}.Debug|Any CPU.Build.0 = Debug|Any CPU
		{628F0804-B5FA-449B-945C-38993513A79B}.Debug|x64.ActiveCfg = Debug|Any CPU
		{628F0804-B5FA-449B-945C-38993513A79B}.Debug|x64.Build.0 = Debug|Any CPU
		{628F0804-B5FA-449B-945C-38993513A79B}.Debug|x86.ActiveCfg = Debug|Any CPU
		{628F0804-B5FA-449B-945C-38993513A79B}.Debug|x86.Build.0 = Debug|Any CPU
		{628F0804-B5FA-449B-945C-38993513A79B}.Release|Any CPU.ActiveCfg = Release|Any CPU
		{628F0804-B5FA-449B-945C-38993513A79B}.Release|Any CPU.Build.0 = Release|Any CPU
		{628F0804-B5FA-449B-945C-38993513A79B}.Release|x64.ActiveCfg = Release|Any CPU
		{628F0804-B5FA-449B-945C-38993513A79B}.Release|x64.Build.0 = Release|Any CPU
		{628F0804-B5FA-449B-945C-38993513A79B}.Release|x86.ActiveCfg = Release|Any CPU
		{628F0804-B5FA-449B-945C-38993513A79B}.Release|x86.Build.0 = Release|Any CPU
		{628F0804-B5FA-449B-945C-38993513A79B}.ReleaseLinux|Any CPU.ActiveCfg = ReleaseLinux|Any CPU
		{628F0804-B5FA-449B-945C-38993513A79B}.ReleaseLinux|Any CPU.Build.0 = ReleaseLinux|Any CPU
		{628F0804-B5FA-449B-945C-38993513A79B}.ReleaseLinux|x64.ActiveCfg = ReleaseLinux|Any CPU
		{628F0804-B5FA-449B-945C-38993513A79B}.ReleaseLinux|x64.Build.0 = ReleaseLinux|Any CPU
		{628F0804-B5FA-449B-945C-38993513A79B}.ReleaseLinux|x86.ActiveCfg = ReleaseLinux|Any CPU
		{628F0804-B5FA-449B-945C-38993513A79B}.ReleaseLinux|x86.Build.0 = ReleaseLinux|Any CPU
		{628F0804-B5FA-449B-945C-38993513A79B}.ReleaseWindows|Any CPU.ActiveCfg = ReleaseWindows|Any CPU
		{628F0804-B5FA-449B-945C-38993513A79B}.ReleaseWindows|Any CPU.Build.0 = ReleaseWindows|Any CPU
		{628F0804-B5FA-449B-945C-38993513A79B}.ReleaseWindows|x64.ActiveCfg = ReleaseWindows|Any CPU
		{628F0804-B5FA-449B-945C-38993513A79B}.ReleaseWindows|x64.Build.0 = ReleaseWindows|Any CPU
		{628F0804-B5FA-449B-945C-38993513A79B}.ReleaseWindows|x86.ActiveCfg = ReleaseWindows|Any CPU
		{628F0804-B5FA-449B-945C-38993513A79B}.ReleaseWindows|x86.Build.0 = ReleaseWindows|Any CPU
		{4B4FBC38-FB3A-47B1-B25D-8DE40A2FF687}.Debug|Any CPU.ActiveCfg = Debug|Any CPU
		{4B4FBC38-FB3A-47B1-B25D-8DE40A2FF687}.Debug|Any CPU.Build.0 = Debug|Any CPU
		{4B4FBC38-FB3A-47B1-B25D-8DE40A2FF687}.Debug|x64.ActiveCfg = Debug|Any CPU
		{4B4FBC38-FB3A-47B1-B25D-8DE40A2FF687}.Debug|x64.Build.0 = Debug|Any CPU
		{4B4FBC38-FB3A-47B1-B25D-8DE40A2FF687}.Debug|x86.ActiveCfg = Debug|Any CPU
		{4B4FBC38-FB3A-47B1-B25D-8DE40A2FF687}.Debug|x86.Build.0 = Debug|Any CPU
		{4B4FBC38-FB3A-47B1-B25D-8DE40A2FF687}.Release|Any CPU.ActiveCfg = Release|Any CPU
		{4B4FBC38-FB3A-47B1-B25D-8DE40A2FF687}.Release|Any CPU.Build.0 = Release|Any CPU
		{4B4FBC38-FB3A-47B1-B25D-8DE40A2FF687}.Release|x64.ActiveCfg = Release|Any CPU
		{4B4FBC38-FB3A-47B1-B25D-8DE40A2FF687}.Release|x64.Build.0 = Release|Any CPU
		{4B4FBC38-FB3A-47B1-B25D-8DE40A2FF687}.Release|x86.ActiveCfg = Release|Any CPU
		{4B4FBC38-FB3A-47B1-B25D-8DE40A2FF687}.Release|x86.Build.0 = Release|Any CPU
		{4B4FBC38-FB3A-47B1-B25D-8DE40A2FF687}.ReleaseLinux|Any CPU.ActiveCfg = ReleaseLinux|Any CPU
		{4B4FBC38-FB3A-47B1-B25D-8DE40A2FF687}.ReleaseLinux|Any CPU.Build.0 = ReleaseLinux|Any CPU
		{4B4FBC38-FB3A-47B1-B25D-8DE40A2FF687}.ReleaseLinux|x64.ActiveCfg = ReleaseLinux|Any CPU
		{4B4FBC38-FB3A-47B1-B25D-8DE40A2FF687}.ReleaseLinux|x64.Build.0 = ReleaseLinux|Any CPU
		{4B4FBC38-FB3A-47B1-B25D-8DE40A2FF687}.ReleaseLinux|x86.ActiveCfg = ReleaseLinux|Any CPU
		{4B4FBC38-FB3A-47B1-B25D-8DE40A2FF687}.ReleaseLinux|x86.Build.0 = ReleaseLinux|Any CPU
		{4B4FBC38-FB3A-47B1-B25D-8DE40A2FF687}.ReleaseWindows|Any CPU.ActiveCfg = ReleaseWindows|Any CPU
		{4B4FBC38-FB3A-47B1-B25D-8DE40A2FF687}.ReleaseWindows|Any CPU.Build.0 = ReleaseWindows|Any CPU
		{4B4FBC38-FB3A-47B1-B25D-8DE40A2FF687}.ReleaseWindows|x64.ActiveCfg = ReleaseWindows|Any CPU
		{4B4FBC38-FB3A-47B1-B25D-8DE40A2FF687}.ReleaseWindows|x64.Build.0 = ReleaseWindows|Any CPU
		{4B4FBC38-FB3A-47B1-B25D-8DE40A2FF687}.ReleaseWindows|x86.ActiveCfg = ReleaseWindows|Any CPU
		{4B4FBC38-FB3A-47B1-B25D-8DE40A2FF687}.ReleaseWindows|x86.Build.0 = ReleaseWindows|Any CPU
		{7BF32DE9-98CD-4795-8463-396D9A6A47BA}.Debug|Any CPU.ActiveCfg = Debug|Any CPU
		{7BF32DE9-98CD-4795-8463-396D9A6A47BA}.Debug|Any CPU.Build.0 = Debug|Any CPU
		{7BF32DE9-98CD-4795-8463-396D9A6A47BA}.Debug|x64.ActiveCfg = Debug|Any CPU
		{7BF32DE9-98CD-4795-8463-396D9A6A47BA}.Debug|x64.Build.0 = Debug|Any CPU
		{7BF32DE9-98CD-4795-8463-396D9A6A47BA}.Debug|x86.ActiveCfg = Debug|Any CPU
		{7BF32DE9-98CD-4795-8463-396D9A6A47BA}.Debug|x86.Build.0 = Debug|Any CPU
		{7BF32DE9-98CD-4795-8463-396D9A6A47BA}.Release|Any CPU.ActiveCfg = Release|Any CPU
		{7BF32DE9-98CD-4795-8463-396D9A6A47BA}.Release|x64.ActiveCfg = Release|Any CPU
		{7BF32DE9-98CD-4795-8463-396D9A6A47BA}.Release|x64.Build.0 = Release|Any CPU
		{7BF32DE9-98CD-4795-8463-396D9A6A47BA}.Release|x86.ActiveCfg = Release|Any CPU
		{7BF32DE9-98CD-4795-8463-396D9A6A47BA}.Release|x86.Build.0 = Release|Any CPU
		{7BF32DE9-98CD-4795-8463-396D9A6A47BA}.ReleaseLinux|Any CPU.ActiveCfg = ReleaseLinux|Any CPU
		{7BF32DE9-98CD-4795-8463-396D9A6A47BA}.ReleaseLinux|x64.ActiveCfg = ReleaseLinux|Any CPU
		{7BF32DE9-98CD-4795-8463-396D9A6A47BA}.ReleaseLinux|x64.Build.0 = ReleaseLinux|Any CPU
		{7BF32DE9-98CD-4795-8463-396D9A6A47BA}.ReleaseLinux|x86.ActiveCfg = ReleaseLinux|Any CPU
		{7BF32DE9-98CD-4795-8463-396D9A6A47BA}.ReleaseLinux|x86.Build.0 = ReleaseLinux|Any CPU
		{7BF32DE9-98CD-4795-8463-396D9A6A47BA}.ReleaseWindows|Any CPU.ActiveCfg = ReleaseWindows|Any CPU
		{7BF32DE9-98CD-4795-8463-396D9A6A47BA}.ReleaseWindows|x64.ActiveCfg = ReleaseWindows|Any CPU
		{7BF32DE9-98CD-4795-8463-396D9A6A47BA}.ReleaseWindows|x64.Build.0 = ReleaseWindows|Any CPU
		{7BF32DE9-98CD-4795-8463-396D9A6A47BA}.ReleaseWindows|x86.ActiveCfg = ReleaseWindows|Any CPU
		{7BF32DE9-98CD-4795-8463-396D9A6A47BA}.ReleaseWindows|x86.Build.0 = ReleaseWindows|Any CPU
		{FBCA5425-BE5B-4BA0-9714-26925BFFE273}.Debug|Any CPU.ActiveCfg = Debug|Any CPU
		{FBCA5425-BE5B-4BA0-9714-26925BFFE273}.Debug|Any CPU.Build.0 = Debug|Any CPU
		{FBCA5425-BE5B-4BA0-9714-26925BFFE273}.Debug|x64.ActiveCfg = Debug|Any CPU
		{FBCA5425-BE5B-4BA0-9714-26925BFFE273}.Debug|x64.Build.0 = Debug|Any CPU
		{FBCA5425-BE5B-4BA0-9714-26925BFFE273}.Debug|x86.ActiveCfg = Debug|Any CPU
		{FBCA5425-BE5B-4BA0-9714-26925BFFE273}.Debug|x86.Build.0 = Debug|Any CPU
		{FBCA5425-BE5B-4BA0-9714-26925BFFE273}.Release|Any CPU.ActiveCfg = Release|Any CPU
		{FBCA5425-BE5B-4BA0-9714-26925BFFE273}.Release|x64.ActiveCfg = Release|Any CPU
		{FBCA5425-BE5B-4BA0-9714-26925BFFE273}.Release|x64.Build.0 = Release|Any CPU
		{FBCA5425-BE5B-4BA0-9714-26925BFFE273}.Release|x86.ActiveCfg = Release|Any CPU
		{FBCA5425-BE5B-4BA0-9714-26925BFFE273}.Release|x86.Build.0 = Release|Any CPU
		{FBCA5425-BE5B-4BA0-9714-26925BFFE273}.ReleaseLinux|Any CPU.ActiveCfg = ReleaseLinux|Any CPU
		{FBCA5425-BE5B-4BA0-9714-26925BFFE273}.ReleaseLinux|x64.ActiveCfg = ReleaseLinux|Any CPU
		{FBCA5425-BE5B-4BA0-9714-26925BFFE273}.ReleaseLinux|x64.Build.0 = ReleaseLinux|Any CPU
		{FBCA5425-BE5B-4BA0-9714-26925BFFE273}.ReleaseLinux|x86.ActiveCfg = ReleaseLinux|Any CPU
		{FBCA5425-BE5B-4BA0-9714-26925BFFE273}.ReleaseLinux|x86.Build.0 = ReleaseLinux|Any CPU
		{FBCA5425-BE5B-4BA0-9714-26925BFFE273}.ReleaseWindows|Any CPU.ActiveCfg = ReleaseWindows|Any CPU
		{FBCA5425-BE5B-4BA0-9714-26925BFFE273}.ReleaseWindows|x64.ActiveCfg = ReleaseWindows|Any CPU
		{FBCA5425-BE5B-4BA0-9714-26925BFFE273}.ReleaseWindows|x64.Build.0 = ReleaseWindows|Any CPU
		{FBCA5425-BE5B-4BA0-9714-26925BFFE273}.ReleaseWindows|x86.ActiveCfg = ReleaseWindows|Any CPU
		{FBCA5425-BE5B-4BA0-9714-26925BFFE273}.ReleaseWindows|x86.Build.0 = ReleaseWindows|Any CPU
		{397852E9-467A-4098-983B-47C6888F85D1}.Debug|Any CPU.ActiveCfg = Debug|Any CPU
		{397852E9-467A-4098-983B-47C6888F85D1}.Debug|Any CPU.Build.0 = Debug|Any CPU
		{397852E9-467A-4098-983B-47C6888F85D1}.Debug|x64.ActiveCfg = Debug|Any CPU
		{397852E9-467A-4098-983B-47C6888F85D1}.Debug|x64.Build.0 = Debug|Any CPU
		{397852E9-467A-4098-983B-47C6888F85D1}.Debug|x86.ActiveCfg = Debug|Any CPU
		{397852E9-467A-4098-983B-47C6888F85D1}.Debug|x86.Build.0 = Debug|Any CPU
		{397852E9-467A-4098-983B-47C6888F85D1}.Release|Any CPU.ActiveCfg = Release|Any CPU
		{397852E9-467A-4098-983B-47C6888F85D1}.Release|x64.ActiveCfg = Release|Any CPU
		{397852E9-467A-4098-983B-47C6888F85D1}.Release|x64.Build.0 = Release|Any CPU
		{397852E9-467A-4098-983B-47C6888F85D1}.Release|x86.ActiveCfg = Release|Any CPU
		{397852E9-467A-4098-983B-47C6888F85D1}.Release|x86.Build.0 = Release|Any CPU
		{397852E9-467A-4098-983B-47C6888F85D1}.ReleaseLinux|Any CPU.ActiveCfg = ReleaseLinux|Any CPU
		{397852E9-467A-4098-983B-47C6888F85D1}.ReleaseLinux|x64.ActiveCfg = ReleaseLinux|Any CPU
		{397852E9-467A-4098-983B-47C6888F85D1}.ReleaseLinux|x64.Build.0 = ReleaseLinux|Any CPU
		{397852E9-467A-4098-983B-47C6888F85D1}.ReleaseLinux|x86.ActiveCfg = ReleaseLinux|Any CPU
		{397852E9-467A-4098-983B-47C6888F85D1}.ReleaseLinux|x86.Build.0 = ReleaseLinux|Any CPU
		{397852E9-467A-4098-983B-47C6888F85D1}.ReleaseWindows|Any CPU.ActiveCfg = ReleaseWindows|Any CPU
		{397852E9-467A-4098-983B-47C6888F85D1}.ReleaseWindows|x64.ActiveCfg = ReleaseWindows|Any CPU
		{397852E9-467A-4098-983B-47C6888F85D1}.ReleaseWindows|x64.Build.0 = ReleaseWindows|Any CPU
		{397852E9-467A-4098-983B-47C6888F85D1}.ReleaseWindows|x86.ActiveCfg = ReleaseWindows|Any CPU
		{397852E9-467A-4098-983B-47C6888F85D1}.ReleaseWindows|x86.Build.0 = ReleaseWindows|Any CPU
		{DF520E46-2739-4C28-BB4B-9DEBF8A551C7}.Debug|Any CPU.ActiveCfg = Debug|Any CPU
		{DF520E46-2739-4C28-BB4B-9DEBF8A551C7}.Debug|Any CPU.Build.0 = Debug|Any CPU
		{DF520E46-2739-4C28-BB4B-9DEBF8A551C7}.Debug|x64.ActiveCfg = Debug|Any CPU
		{DF520E46-2739-4C28-BB4B-9DEBF8A551C7}.Debug|x64.Build.0 = Debug|Any CPU
		{DF520E46-2739-4C28-BB4B-9DEBF8A551C7}.Debug|x86.ActiveCfg = Debug|Any CPU
		{DF520E46-2739-4C28-BB4B-9DEBF8A551C7}.Debug|x86.Build.0 = Debug|Any CPU
		{DF520E46-2739-4C28-BB4B-9DEBF8A551C7}.Release|Any CPU.ActiveCfg = Release|Any CPU
		{DF520E46-2739-4C28-BB4B-9DEBF8A551C7}.Release|Any CPU.Build.0 = Release|Any CPU
		{DF520E46-2739-4C28-BB4B-9DEBF8A551C7}.Release|x64.ActiveCfg = Release|Any CPU
		{DF520E46-2739-4C28-BB4B-9DEBF8A551C7}.Release|x64.Build.0 = Release|Any CPU
		{DF520E46-2739-4C28-BB4B-9DEBF8A551C7}.Release|x86.ActiveCfg = Release|Any CPU
		{DF520E46-2739-4C28-BB4B-9DEBF8A551C7}.Release|x86.Build.0 = Release|Any CPU
		{DF520E46-2739-4C28-BB4B-9DEBF8A551C7}.ReleaseLinux|Any CPU.ActiveCfg = ReleaseLinux|Any CPU
		{DF520E46-2739-4C28-BB4B-9DEBF8A551C7}.ReleaseLinux|Any CPU.Build.0 = ReleaseLinux|Any CPU
		{DF520E46-2739-4C28-BB4B-9DEBF8A551C7}.ReleaseLinux|x64.ActiveCfg = ReleaseLinux|Any CPU
		{DF520E46-2739-4C28-BB4B-9DEBF8A551C7}.ReleaseLinux|x64.Build.0 = ReleaseLinux|Any CPU
		{DF520E46-2739-4C28-BB4B-9DEBF8A551C7}.ReleaseLinux|x86.ActiveCfg = ReleaseLinux|Any CPU
		{DF520E46-2739-4C28-BB4B-9DEBF8A551C7}.ReleaseLinux|x86.Build.0 = ReleaseLinux|Any CPU
		{DF520E46-2739-4C28-BB4B-9DEBF8A551C7}.ReleaseWindows|Any CPU.ActiveCfg = ReleaseWindows|Any CPU
		{DF520E46-2739-4C28-BB4B-9DEBF8A551C7}.ReleaseWindows|x64.ActiveCfg = ReleaseWindows|Any CPU
		{DF520E46-2739-4C28-BB4B-9DEBF8A551C7}.ReleaseWindows|x64.Build.0 = ReleaseWindows|Any CPU
		{DF520E46-2739-4C28-BB4B-9DEBF8A551C7}.ReleaseWindows|x86.ActiveCfg = ReleaseWindows|Any CPU
		{DF520E46-2739-4C28-BB4B-9DEBF8A551C7}.ReleaseWindows|x86.Build.0 = ReleaseWindows|Any CPU
		{332A35DB-4ECA-4482-B93A-A9DBEAC5AF16}.Debug|Any CPU.ActiveCfg = Debug|Any CPU
		{332A35DB-4ECA-4482-B93A-A9DBEAC5AF16}.Debug|Any CPU.Build.0 = Debug|Any CPU
		{332A35DB-4ECA-4482-B93A-A9DBEAC5AF16}.Debug|x64.ActiveCfg = Debug|Any CPU
		{332A35DB-4ECA-4482-B93A-A9DBEAC5AF16}.Debug|x64.Build.0 = Debug|Any CPU
		{332A35DB-4ECA-4482-B93A-A9DBEAC5AF16}.Debug|x86.ActiveCfg = Debug|Any CPU
		{332A35DB-4ECA-4482-B93A-A9DBEAC5AF16}.Debug|x86.Build.0 = Debug|Any CPU
		{332A35DB-4ECA-4482-B93A-A9DBEAC5AF16}.Release|Any CPU.ActiveCfg = Release|Any CPU
		{332A35DB-4ECA-4482-B93A-A9DBEAC5AF16}.Release|Any CPU.Build.0 = Release|Any CPU
		{332A35DB-4ECA-4482-B93A-A9DBEAC5AF16}.Release|x64.ActiveCfg = Release|Any CPU
		{332A35DB-4ECA-4482-B93A-A9DBEAC5AF16}.Release|x64.Build.0 = Release|Any CPU
		{332A35DB-4ECA-4482-B93A-A9DBEAC5AF16}.Release|x86.ActiveCfg = Release|Any CPU
		{332A35DB-4ECA-4482-B93A-A9DBEAC5AF16}.Release|x86.Build.0 = Release|Any CPU
		{332A35DB-4ECA-4482-B93A-A9DBEAC5AF16}.ReleaseLinux|Any CPU.ActiveCfg = ReleaseLinux|Any CPU
		{332A35DB-4ECA-4482-B93A-A9DBEAC5AF16}.ReleaseLinux|Any CPU.Build.0 = ReleaseLinux|Any CPU
		{332A35DB-4ECA-4482-B93A-A9DBEAC5AF16}.ReleaseLinux|x64.ActiveCfg = ReleaseLinux|Any CPU
		{332A35DB-4ECA-4482-B93A-A9DBEAC5AF16}.ReleaseLinux|x64.Build.0 = ReleaseLinux|Any CPU
		{332A35DB-4ECA-4482-B93A-A9DBEAC5AF16}.ReleaseLinux|x86.ActiveCfg = ReleaseLinux|Any CPU
		{332A35DB-4ECA-4482-B93A-A9DBEAC5AF16}.ReleaseLinux|x86.Build.0 = ReleaseLinux|Any CPU
		{332A35DB-4ECA-4482-B93A-A9DBEAC5AF16}.ReleaseWindows|Any CPU.ActiveCfg = ReleaseWindows|Any CPU
		{332A35DB-4ECA-4482-B93A-A9DBEAC5AF16}.ReleaseWindows|Any CPU.Build.0 = ReleaseWindows|Any CPU
		{332A35DB-4ECA-4482-B93A-A9DBEAC5AF16}.ReleaseWindows|x64.ActiveCfg = ReleaseWindows|Any CPU
		{332A35DB-4ECA-4482-B93A-A9DBEAC5AF16}.ReleaseWindows|x64.Build.0 = ReleaseWindows|Any CPU
		{332A35DB-4ECA-4482-B93A-A9DBEAC5AF16}.ReleaseWindows|x86.ActiveCfg = ReleaseWindows|Any CPU
		{332A35DB-4ECA-4482-B93A-A9DBEAC5AF16}.ReleaseWindows|x86.Build.0 = ReleaseWindows|Any CPU
		{1546DA62-BCD4-4CD3-81B3-F02251B42A50}.Debug|Any CPU.ActiveCfg = Debug|Any CPU
		{1546DA62-BCD4-4CD3-81B3-F02251B42A50}.Debug|Any CPU.Build.0 = Debug|Any CPU
		{1546DA62-BCD4-4CD3-81B3-F02251B42A50}.Debug|x64.ActiveCfg = Debug|Any CPU
		{1546DA62-BCD4-4CD3-81B3-F02251B42A50}.Debug|x64.Build.0 = Debug|Any CPU
		{1546DA62-BCD4-4CD3-81B3-F02251B42A50}.Debug|x86.ActiveCfg = Debug|Any CPU
		{1546DA62-BCD4-4CD3-81B3-F02251B42A50}.Debug|x86.Build.0 = Debug|Any CPU
		{1546DA62-BCD4-4CD3-81B3-F02251B42A50}.Release|Any CPU.ActiveCfg = Release|Any CPU
		{1546DA62-BCD4-4CD3-81B3-F02251B42A50}.Release|x64.ActiveCfg = Release|Any CPU
		{1546DA62-BCD4-4CD3-81B3-F02251B42A50}.Release|x64.Build.0 = Release|Any CPU
		{1546DA62-BCD4-4CD3-81B3-F02251B42A50}.Release|x86.ActiveCfg = Release|Any CPU
		{1546DA62-BCD4-4CD3-81B3-F02251B42A50}.Release|x86.Build.0 = Release|Any CPU
		{1546DA62-BCD4-4CD3-81B3-F02251B42A50}.ReleaseLinux|Any CPU.ActiveCfg = ReleaseLinux|Any CPU
		{1546DA62-BCD4-4CD3-81B3-F02251B42A50}.ReleaseLinux|x64.ActiveCfg = ReleaseLinux|Any CPU
		{1546DA62-BCD4-4CD3-81B3-F02251B42A50}.ReleaseLinux|x64.Build.0 = ReleaseLinux|Any CPU
		{1546DA62-BCD4-4CD3-81B3-F02251B42A50}.ReleaseLinux|x86.ActiveCfg = ReleaseLinux|Any CPU
		{1546DA62-BCD4-4CD3-81B3-F02251B42A50}.ReleaseLinux|x86.Build.0 = ReleaseLinux|Any CPU
		{1546DA62-BCD4-4CD3-81B3-F02251B42A50}.ReleaseWindows|Any CPU.ActiveCfg = ReleaseWindows|Any CPU
		{1546DA62-BCD4-4CD3-81B3-F02251B42A50}.ReleaseWindows|x64.ActiveCfg = ReleaseWindows|Any CPU
		{1546DA62-BCD4-4CD3-81B3-F02251B42A50}.ReleaseWindows|x64.Build.0 = ReleaseWindows|Any CPU
		{1546DA62-BCD4-4CD3-81B3-F02251B42A50}.ReleaseWindows|x86.ActiveCfg = ReleaseWindows|Any CPU
		{1546DA62-BCD4-4CD3-81B3-F02251B42A50}.ReleaseWindows|x86.Build.0 = ReleaseWindows|Any CPU
		{06F7346C-CA7C-477D-A475-8177E84A51C4}.Debug|Any CPU.ActiveCfg = Debug|Any CPU
		{06F7346C-CA7C-477D-A475-8177E84A51C4}.Debug|Any CPU.Build.0 = Debug|Any CPU
		{06F7346C-CA7C-477D-A475-8177E84A51C4}.Debug|x64.ActiveCfg = Debug|Any CPU
		{06F7346C-CA7C-477D-A475-8177E84A51C4}.Debug|x64.Build.0 = Debug|Any CPU
		{06F7346C-CA7C-477D-A475-8177E84A51C4}.Debug|x86.ActiveCfg = Debug|Any CPU
		{06F7346C-CA7C-477D-A475-8177E84A51C4}.Debug|x86.Build.0 = Debug|Any CPU
		{06F7346C-CA7C-477D-A475-8177E84A51C4}.Release|Any CPU.ActiveCfg = Release|Any CPU
		{06F7346C-CA7C-477D-A475-8177E84A51C4}.Release|Any CPU.Build.0 = Release|Any CPU
		{06F7346C-CA7C-477D-A475-8177E84A51C4}.Release|x64.ActiveCfg = Release|Any CPU
		{06F7346C-CA7C-477D-A475-8177E84A51C4}.Release|x64.Build.0 = Release|Any CPU
		{06F7346C-CA7C-477D-A475-8177E84A51C4}.Release|x86.ActiveCfg = Release|Any CPU
		{06F7346C-CA7C-477D-A475-8177E84A51C4}.Release|x86.Build.0 = Release|Any CPU
		{06F7346C-CA7C-477D-A475-8177E84A51C4}.ReleaseLinux|Any CPU.ActiveCfg = ReleaseLinux|Any CPU
		{06F7346C-CA7C-477D-A475-8177E84A51C4}.ReleaseLinux|Any CPU.Build.0 = ReleaseLinux|Any CPU
		{06F7346C-CA7C-477D-A475-8177E84A51C4}.ReleaseLinux|x64.ActiveCfg = ReleaseLinux|Any CPU
		{06F7346C-CA7C-477D-A475-8177E84A51C4}.ReleaseLinux|x64.Build.0 = ReleaseLinux|Any CPU
		{06F7346C-CA7C-477D-A475-8177E84A51C4}.ReleaseLinux|x86.ActiveCfg = ReleaseLinux|Any CPU
		{06F7346C-CA7C-477D-A475-8177E84A51C4}.ReleaseLinux|x86.Build.0 = ReleaseLinux|Any CPU
		{06F7346C-CA7C-477D-A475-8177E84A51C4}.ReleaseWindows|Any CPU.ActiveCfg = ReleaseWindows|Any CPU
		{06F7346C-CA7C-477D-A475-8177E84A51C4}.ReleaseWindows|Any CPU.Build.0 = ReleaseWindows|Any CPU
		{06F7346C-CA7C-477D-A475-8177E84A51C4}.ReleaseWindows|x64.ActiveCfg = ReleaseWindows|Any CPU
		{06F7346C-CA7C-477D-A475-8177E84A51C4}.ReleaseWindows|x64.Build.0 = ReleaseWindows|Any CPU
		{06F7346C-CA7C-477D-A475-8177E84A51C4}.ReleaseWindows|x86.ActiveCfg = ReleaseWindows|Any CPU
		{06F7346C-CA7C-477D-A475-8177E84A51C4}.ReleaseWindows|x86.Build.0 = ReleaseWindows|Any CPU
		{A7121C35-FE42-4677-BBA4-CF633595F50F}.Debug|Any CPU.ActiveCfg = Debug|Any CPU
		{A7121C35-FE42-4677-BBA4-CF633595F50F}.Debug|Any CPU.Build.0 = Debug|Any CPU
		{A7121C35-FE42-4677-BBA4-CF633595F50F}.Debug|x64.ActiveCfg = Debug|Any CPU
		{A7121C35-FE42-4677-BBA4-CF633595F50F}.Debug|x64.Build.0 = Debug|Any CPU
		{A7121C35-FE42-4677-BBA4-CF633595F50F}.Debug|x86.ActiveCfg = Debug|Any CPU
		{A7121C35-FE42-4677-BBA4-CF633595F50F}.Debug|x86.Build.0 = Debug|Any CPU
		{A7121C35-FE42-4677-BBA4-CF633595F50F}.Release|Any CPU.ActiveCfg = Release|Any CPU
		{A7121C35-FE42-4677-BBA4-CF633595F50F}.Release|x64.ActiveCfg = Release|Any CPU
		{A7121C35-FE42-4677-BBA4-CF633595F50F}.Release|x64.Build.0 = Release|Any CPU
		{A7121C35-FE42-4677-BBA4-CF633595F50F}.Release|x86.ActiveCfg = Release|Any CPU
		{A7121C35-FE42-4677-BBA4-CF633595F50F}.Release|x86.Build.0 = Release|Any CPU
		{A7121C35-FE42-4677-BBA4-CF633595F50F}.ReleaseLinux|Any CPU.ActiveCfg = ReleaseLinux|Any CPU
		{A7121C35-FE42-4677-BBA4-CF633595F50F}.ReleaseLinux|x64.ActiveCfg = ReleaseLinux|Any CPU
		{A7121C35-FE42-4677-BBA4-CF633595F50F}.ReleaseLinux|x64.Build.0 = ReleaseLinux|Any CPU
		{A7121C35-FE42-4677-BBA4-CF633595F50F}.ReleaseLinux|x86.ActiveCfg = ReleaseLinux|Any CPU
		{A7121C35-FE42-4677-BBA4-CF633595F50F}.ReleaseLinux|x86.Build.0 = ReleaseLinux|Any CPU
		{A7121C35-FE42-4677-BBA4-CF633595F50F}.ReleaseWindows|Any CPU.ActiveCfg = ReleaseWindows|Any CPU
		{A7121C35-FE42-4677-BBA4-CF633595F50F}.ReleaseWindows|x64.ActiveCfg = ReleaseWindows|Any CPU
		{A7121C35-FE42-4677-BBA4-CF633595F50F}.ReleaseWindows|x64.Build.0 = ReleaseWindows|Any CPU
		{A7121C35-FE42-4677-BBA4-CF633595F50F}.ReleaseWindows|x86.ActiveCfg = ReleaseWindows|Any CPU
		{A7121C35-FE42-4677-BBA4-CF633595F50F}.ReleaseWindows|x86.Build.0 = ReleaseWindows|Any CPU
		{93C5C7C1-A7D5-4F79-A2A9-74C711AAB926}.Debug|Any CPU.ActiveCfg = Debug|Any CPU
		{93C5C7C1-A7D5-4F79-A2A9-74C711AAB926}.Debug|Any CPU.Build.0 = Debug|Any CPU
		{93C5C7C1-A7D5-4F79-A2A9-74C711AAB926}.Debug|x64.ActiveCfg = Debug|Any CPU
		{93C5C7C1-A7D5-4F79-A2A9-74C711AAB926}.Debug|x64.Build.0 = Debug|Any CPU
		{93C5C7C1-A7D5-4F79-A2A9-74C711AAB926}.Debug|x86.ActiveCfg = Debug|Any CPU
		{93C5C7C1-A7D5-4F79-A2A9-74C711AAB926}.Debug|x86.Build.0 = Debug|Any CPU
		{93C5C7C1-A7D5-4F79-A2A9-74C711AAB926}.Release|Any CPU.ActiveCfg = Release|Any CPU
		{93C5C7C1-A7D5-4F79-A2A9-74C711AAB926}.Release|Any CPU.Build.0 = Release|Any CPU
		{93C5C7C1-A7D5-4F79-A2A9-74C711AAB926}.Release|x64.ActiveCfg = Release|Any CPU
		{93C5C7C1-A7D5-4F79-A2A9-74C711AAB926}.Release|x64.Build.0 = Release|Any CPU
		{93C5C7C1-A7D5-4F79-A2A9-74C711AAB926}.Release|x86.ActiveCfg = Release|Any CPU
		{93C5C7C1-A7D5-4F79-A2A9-74C711AAB926}.Release|x86.Build.0 = Release|Any CPU
		{93C5C7C1-A7D5-4F79-A2A9-74C711AAB926}.ReleaseLinux|Any CPU.ActiveCfg = ReleaseLinux|Any CPU
		{93C5C7C1-A7D5-4F79-A2A9-74C711AAB926}.ReleaseLinux|Any CPU.Build.0 = ReleaseLinux|Any CPU
		{93C5C7C1-A7D5-4F79-A2A9-74C711AAB926}.ReleaseLinux|x64.ActiveCfg = ReleaseLinux|Any CPU
		{93C5C7C1-A7D5-4F79-A2A9-74C711AAB926}.ReleaseLinux|x64.Build.0 = ReleaseLinux|Any CPU
		{93C5C7C1-A7D5-4F79-A2A9-74C711AAB926}.ReleaseLinux|x86.ActiveCfg = ReleaseLinux|Any CPU
		{93C5C7C1-A7D5-4F79-A2A9-74C711AAB926}.ReleaseLinux|x86.Build.0 = ReleaseLinux|Any CPU
		{93C5C7C1-A7D5-4F79-A2A9-74C711AAB926}.ReleaseWindows|Any CPU.ActiveCfg = ReleaseWindows|Any CPU
		{93C5C7C1-A7D5-4F79-A2A9-74C711AAB926}.ReleaseWindows|Any CPU.Build.0 = ReleaseWindows|Any CPU
		{93C5C7C1-A7D5-4F79-A2A9-74C711AAB926}.ReleaseWindows|x64.ActiveCfg = ReleaseWindows|Any CPU
		{93C5C7C1-A7D5-4F79-A2A9-74C711AAB926}.ReleaseWindows|x64.Build.0 = ReleaseWindows|Any CPU
		{93C5C7C1-A7D5-4F79-A2A9-74C711AAB926}.ReleaseWindows|x86.ActiveCfg = ReleaseWindows|Any CPU
		{93C5C7C1-A7D5-4F79-A2A9-74C711AAB926}.ReleaseWindows|x86.Build.0 = ReleaseWindows|Any CPU
		{25881CD3-C7C2-4103-97B3-0C4050C4C011}.Debug|Any CPU.ActiveCfg = Debug|Any CPU
		{25881CD3-C7C2-4103-97B3-0C4050C4C011}.Debug|Any CPU.Build.0 = Debug|Any CPU
		{25881CD3-C7C2-4103-97B3-0C4050C4C011}.Debug|x64.ActiveCfg = Debug|Any CPU
		{25881CD3-C7C2-4103-97B3-0C4050C4C011}.Debug|x64.Build.0 = Debug|Any CPU
		{25881CD3-C7C2-4103-97B3-0C4050C4C011}.Debug|x86.ActiveCfg = Debug|Any CPU
		{25881CD3-C7C2-4103-97B3-0C4050C4C011}.Debug|x86.Build.0 = Debug|Any CPU
		{25881CD3-C7C2-4103-97B3-0C4050C4C011}.Release|Any CPU.ActiveCfg = Release|Any CPU
		{25881CD3-C7C2-4103-97B3-0C4050C4C011}.Release|x64.ActiveCfg = Release|Any CPU
		{25881CD3-C7C2-4103-97B3-0C4050C4C011}.Release|x64.Build.0 = Release|Any CPU
		{25881CD3-C7C2-4103-97B3-0C4050C4C011}.Release|x86.ActiveCfg = Release|Any CPU
		{25881CD3-C7C2-4103-97B3-0C4050C4C011}.Release|x86.Build.0 = Release|Any CPU
		{25881CD3-C7C2-4103-97B3-0C4050C4C011}.ReleaseLinux|Any CPU.ActiveCfg = ReleaseLinux|Any CPU
		{25881CD3-C7C2-4103-97B3-0C4050C4C011}.ReleaseLinux|x64.ActiveCfg = ReleaseLinux|Any CPU
		{25881CD3-C7C2-4103-97B3-0C4050C4C011}.ReleaseLinux|x64.Build.0 = ReleaseLinux|Any CPU
		{25881CD3-C7C2-4103-97B3-0C4050C4C011}.ReleaseLinux|x86.ActiveCfg = ReleaseLinux|Any CPU
		{25881CD3-C7C2-4103-97B3-0C4050C4C011}.ReleaseLinux|x86.Build.0 = ReleaseLinux|Any CPU
		{25881CD3-C7C2-4103-97B3-0C4050C4C011}.ReleaseWindows|Any CPU.ActiveCfg = ReleaseWindows|Any CPU
		{25881CD3-C7C2-4103-97B3-0C4050C4C011}.ReleaseWindows|x64.ActiveCfg = ReleaseWindows|Any CPU
		{25881CD3-C7C2-4103-97B3-0C4050C4C011}.ReleaseWindows|x64.Build.0 = ReleaseWindows|Any CPU
		{25881CD3-C7C2-4103-97B3-0C4050C4C011}.ReleaseWindows|x86.ActiveCfg = ReleaseWindows|Any CPU
		{25881CD3-C7C2-4103-97B3-0C4050C4C011}.ReleaseWindows|x86.Build.0 = ReleaseWindows|Any CPU
		{9363739E-7D08-486D-8D64-1DB2B5D18245}.Debug|Any CPU.ActiveCfg = Debug|Any CPU
		{9363739E-7D08-486D-8D64-1DB2B5D18245}.Debug|Any CPU.Build.0 = Debug|Any CPU
		{9363739E-7D08-486D-8D64-1DB2B5D18245}.Debug|x64.ActiveCfg = Debug|Any CPU
		{9363739E-7D08-486D-8D64-1DB2B5D18245}.Debug|x64.Build.0 = Debug|Any CPU
		{9363739E-7D08-486D-8D64-1DB2B5D18245}.Debug|x86.ActiveCfg = Debug|Any CPU
		{9363739E-7D08-486D-8D64-1DB2B5D18245}.Debug|x86.Build.0 = Debug|Any CPU
		{9363739E-7D08-486D-8D64-1DB2B5D18245}.Release|Any CPU.ActiveCfg = Release|Any CPU
		{9363739E-7D08-486D-8D64-1DB2B5D18245}.Release|Any CPU.Build.0 = Release|Any CPU
		{9363739E-7D08-486D-8D64-1DB2B5D18245}.Release|x64.ActiveCfg = Release|Any CPU
		{9363739E-7D08-486D-8D64-1DB2B5D18245}.Release|x64.Build.0 = Release|Any CPU
		{9363739E-7D08-486D-8D64-1DB2B5D18245}.Release|x86.ActiveCfg = Release|Any CPU
		{9363739E-7D08-486D-8D64-1DB2B5D18245}.Release|x86.Build.0 = Release|Any CPU
		{9363739E-7D08-486D-8D64-1DB2B5D18245}.ReleaseLinux|Any CPU.ActiveCfg = ReleaseLinux|Any CPU
		{9363739E-7D08-486D-8D64-1DB2B5D18245}.ReleaseLinux|Any CPU.Build.0 = ReleaseLinux|Any CPU
		{9363739E-7D08-486D-8D64-1DB2B5D18245}.ReleaseLinux|x64.ActiveCfg = ReleaseLinux|Any CPU
		{9363739E-7D08-486D-8D64-1DB2B5D18245}.ReleaseLinux|x64.Build.0 = ReleaseLinux|Any CPU
		{9363739E-7D08-486D-8D64-1DB2B5D18245}.ReleaseLinux|x86.ActiveCfg = ReleaseLinux|Any CPU
		{9363739E-7D08-486D-8D64-1DB2B5D18245}.ReleaseLinux|x86.Build.0 = ReleaseLinux|Any CPU
		{9363739E-7D08-486D-8D64-1DB2B5D18245}.ReleaseWindows|Any CPU.ActiveCfg = ReleaseWindows|Any CPU
		{9363739E-7D08-486D-8D64-1DB2B5D18245}.ReleaseWindows|Any CPU.Build.0 = ReleaseWindows|Any CPU
		{9363739E-7D08-486D-8D64-1DB2B5D18245}.ReleaseWindows|x64.ActiveCfg = ReleaseWindows|Any CPU
		{9363739E-7D08-486D-8D64-1DB2B5D18245}.ReleaseWindows|x64.Build.0 = ReleaseWindows|Any CPU
		{9363739E-7D08-486D-8D64-1DB2B5D18245}.ReleaseWindows|x86.ActiveCfg = ReleaseWindows|Any CPU
		{9363739E-7D08-486D-8D64-1DB2B5D18245}.ReleaseWindows|x86.Build.0 = ReleaseWindows|Any CPU
		{74B9951B-B5A3-468A-A3B5-6CBA056E5090}.Debug|Any CPU.ActiveCfg = Debug|Any CPU
		{74B9951B-B5A3-468A-A3B5-6CBA056E5090}.Debug|Any CPU.Build.0 = Debug|Any CPU
		{74B9951B-B5A3-468A-A3B5-6CBA056E5090}.Debug|x64.ActiveCfg = Debug|Any CPU
		{74B9951B-B5A3-468A-A3B5-6CBA056E5090}.Debug|x64.Build.0 = Debug|Any CPU
		{74B9951B-B5A3-468A-A3B5-6CBA056E5090}.Debug|x86.ActiveCfg = Debug|Any CPU
		{74B9951B-B5A3-468A-A3B5-6CBA056E5090}.Debug|x86.Build.0 = Debug|Any CPU
		{74B9951B-B5A3-468A-A3B5-6CBA056E5090}.Release|Any CPU.ActiveCfg = Release|Any CPU
		{74B9951B-B5A3-468A-A3B5-6CBA056E5090}.Release|Any CPU.Build.0 = Release|Any CPU
		{74B9951B-B5A3-468A-A3B5-6CBA056E5090}.Release|x64.ActiveCfg = Release|Any CPU
		{74B9951B-B5A3-468A-A3B5-6CBA056E5090}.Release|x64.Build.0 = Release|Any CPU
		{74B9951B-B5A3-468A-A3B5-6CBA056E5090}.Release|x86.ActiveCfg = Release|Any CPU
		{74B9951B-B5A3-468A-A3B5-6CBA056E5090}.Release|x86.Build.0 = Release|Any CPU
		{74B9951B-B5A3-468A-A3B5-6CBA056E5090}.ReleaseLinux|Any CPU.ActiveCfg = ReleaseLinux|Any CPU
		{74B9951B-B5A3-468A-A3B5-6CBA056E5090}.ReleaseLinux|Any CPU.Build.0 = ReleaseLinux|Any CPU
		{74B9951B-B5A3-468A-A3B5-6CBA056E5090}.ReleaseLinux|x64.ActiveCfg = ReleaseLinux|Any CPU
		{74B9951B-B5A3-468A-A3B5-6CBA056E5090}.ReleaseLinux|x64.Build.0 = ReleaseLinux|Any CPU
		{74B9951B-B5A3-468A-A3B5-6CBA056E5090}.ReleaseLinux|x86.ActiveCfg = ReleaseLinux|Any CPU
		{74B9951B-B5A3-468A-A3B5-6CBA056E5090}.ReleaseLinux|x86.Build.0 = ReleaseLinux|Any CPU
		{74B9951B-B5A3-468A-A3B5-6CBA056E5090}.ReleaseWindows|Any CPU.ActiveCfg = ReleaseWindows|Any CPU
		{74B9951B-B5A3-468A-A3B5-6CBA056E5090}.ReleaseWindows|Any CPU.Build.0 = ReleaseWindows|Any CPU
		{74B9951B-B5A3-468A-A3B5-6CBA056E5090}.ReleaseWindows|x64.ActiveCfg = ReleaseWindows|Any CPU
		{74B9951B-B5A3-468A-A3B5-6CBA056E5090}.ReleaseWindows|x64.Build.0 = ReleaseWindows|Any CPU
		{74B9951B-B5A3-468A-A3B5-6CBA056E5090}.ReleaseWindows|x86.ActiveCfg = ReleaseWindows|Any CPU
		{74B9951B-B5A3-468A-A3B5-6CBA056E5090}.ReleaseWindows|x86.Build.0 = ReleaseWindows|Any CPU
		{3ADD8828-7E89-4705-B450-9A27D6356DF1}.Debug|Any CPU.ActiveCfg = Debug|Any CPU
		{3ADD8828-7E89-4705-B450-9A27D6356DF1}.Debug|Any CPU.Build.0 = Debug|Any CPU
		{3ADD8828-7E89-4705-B450-9A27D6356DF1}.Debug|x64.ActiveCfg = Debug|Any CPU
		{3ADD8828-7E89-4705-B450-9A27D6356DF1}.Debug|x64.Build.0 = Debug|Any CPU
		{3ADD8828-7E89-4705-B450-9A27D6356DF1}.Debug|x86.ActiveCfg = Debug|Any CPU
		{3ADD8828-7E89-4705-B450-9A27D6356DF1}.Debug|x86.Build.0 = Debug|Any CPU
		{3ADD8828-7E89-4705-B450-9A27D6356DF1}.Release|Any CPU.ActiveCfg = Release|Any CPU
		{3ADD8828-7E89-4705-B450-9A27D6356DF1}.Release|Any CPU.Build.0 = Release|Any CPU
		{3ADD8828-7E89-4705-B450-9A27D6356DF1}.Release|x64.ActiveCfg = Release|Any CPU
		{3ADD8828-7E89-4705-B450-9A27D6356DF1}.Release|x64.Build.0 = Release|Any CPU
		{3ADD8828-7E89-4705-B450-9A27D6356DF1}.Release|x86.ActiveCfg = Release|Any CPU
		{3ADD8828-7E89-4705-B450-9A27D6356DF1}.Release|x86.Build.0 = Release|Any CPU
		{3ADD8828-7E89-4705-B450-9A27D6356DF1}.ReleaseLinux|Any CPU.ActiveCfg = ReleaseLinux|Any CPU
		{3ADD8828-7E89-4705-B450-9A27D6356DF1}.ReleaseLinux|Any CPU.Build.0 = ReleaseLinux|Any CPU
		{3ADD8828-7E89-4705-B450-9A27D6356DF1}.ReleaseLinux|x64.ActiveCfg = ReleaseLinux|Any CPU
		{3ADD8828-7E89-4705-B450-9A27D6356DF1}.ReleaseLinux|x64.Build.0 = ReleaseLinux|Any CPU
		{3ADD8828-7E89-4705-B450-9A27D6356DF1}.ReleaseLinux|x86.ActiveCfg = ReleaseLinux|Any CPU
		{3ADD8828-7E89-4705-B450-9A27D6356DF1}.ReleaseLinux|x86.Build.0 = ReleaseLinux|Any CPU
		{3ADD8828-7E89-4705-B450-9A27D6356DF1}.ReleaseWindows|Any CPU.ActiveCfg = ReleaseWindows|Any CPU
		{3ADD8828-7E89-4705-B450-9A27D6356DF1}.ReleaseWindows|Any CPU.Build.0 = ReleaseWindows|Any CPU
		{3ADD8828-7E89-4705-B450-9A27D6356DF1}.ReleaseWindows|x64.ActiveCfg = ReleaseWindows|Any CPU
		{3ADD8828-7E89-4705-B450-9A27D6356DF1}.ReleaseWindows|x64.Build.0 = ReleaseWindows|Any CPU
		{3ADD8828-7E89-4705-B450-9A27D6356DF1}.ReleaseWindows|x86.ActiveCfg = ReleaseWindows|Any CPU
		{3ADD8828-7E89-4705-B450-9A27D6356DF1}.ReleaseWindows|x86.Build.0 = ReleaseWindows|Any CPU
		{A56B0752-F02A-4238-A61B-04A11328A24A}.Debug|Any CPU.ActiveCfg = Debug|Any CPU
		{A56B0752-F02A-4238-A61B-04A11328A24A}.Debug|Any CPU.Build.0 = Debug|Any CPU
		{A56B0752-F02A-4238-A61B-04A11328A24A}.Debug|x64.ActiveCfg = Debug|Any CPU
		{A56B0752-F02A-4238-A61B-04A11328A24A}.Debug|x64.Build.0 = Debug|Any CPU
		{A56B0752-F02A-4238-A61B-04A11328A24A}.Debug|x86.ActiveCfg = Debug|Any CPU
		{A56B0752-F02A-4238-A61B-04A11328A24A}.Debug|x86.Build.0 = Debug|Any CPU
		{A56B0752-F02A-4238-A61B-04A11328A24A}.Release|Any CPU.ActiveCfg = Release|Any CPU
		{A56B0752-F02A-4238-A61B-04A11328A24A}.Release|x64.ActiveCfg = Release|Any CPU
		{A56B0752-F02A-4238-A61B-04A11328A24A}.Release|x64.Build.0 = Release|Any CPU
		{A56B0752-F02A-4238-A61B-04A11328A24A}.Release|x86.ActiveCfg = Release|Any CPU
		{A56B0752-F02A-4238-A61B-04A11328A24A}.Release|x86.Build.0 = Release|Any CPU
		{A56B0752-F02A-4238-A61B-04A11328A24A}.ReleaseLinux|Any CPU.ActiveCfg = ReleaseLinux|Any CPU
		{A56B0752-F02A-4238-A61B-04A11328A24A}.ReleaseLinux|x64.ActiveCfg = ReleaseLinux|Any CPU
		{A56B0752-F02A-4238-A61B-04A11328A24A}.ReleaseLinux|x64.Build.0 = ReleaseLinux|Any CPU
		{A56B0752-F02A-4238-A61B-04A11328A24A}.ReleaseLinux|x86.ActiveCfg = ReleaseLinux|Any CPU
		{A56B0752-F02A-4238-A61B-04A11328A24A}.ReleaseLinux|x86.Build.0 = ReleaseLinux|Any CPU
		{A56B0752-F02A-4238-A61B-04A11328A24A}.ReleaseWindows|Any CPU.ActiveCfg = ReleaseWindows|Any CPU
		{A56B0752-F02A-4238-A61B-04A11328A24A}.ReleaseWindows|x64.ActiveCfg = ReleaseWindows|Any CPU
		{A56B0752-F02A-4238-A61B-04A11328A24A}.ReleaseWindows|x64.Build.0 = ReleaseWindows|Any CPU
		{A56B0752-F02A-4238-A61B-04A11328A24A}.ReleaseWindows|x86.ActiveCfg = ReleaseWindows|Any CPU
		{A56B0752-F02A-4238-A61B-04A11328A24A}.ReleaseWindows|x86.Build.0 = ReleaseWindows|Any CPU
		{73E0F5C9-87DC-47C3-AB74-0D87BC62674D}.Debug|Any CPU.ActiveCfg = Debug|Any CPU
		{73E0F5C9-87DC-47C3-AB74-0D87BC62674D}.Debug|Any CPU.Build.0 = Debug|Any CPU
		{73E0F5C9-87DC-47C3-AB74-0D87BC62674D}.Debug|x64.ActiveCfg = Debug|Any CPU
		{73E0F5C9-87DC-47C3-AB74-0D87BC62674D}.Debug|x64.Build.0 = Debug|Any CPU
		{73E0F5C9-87DC-47C3-AB74-0D87BC62674D}.Debug|x86.ActiveCfg = Debug|Any CPU
		{73E0F5C9-87DC-47C3-AB74-0D87BC62674D}.Debug|x86.Build.0 = Debug|Any CPU
		{73E0F5C9-87DC-47C3-AB74-0D87BC62674D}.Release|Any CPU.ActiveCfg = Release|Any CPU
		{73E0F5C9-87DC-47C3-AB74-0D87BC62674D}.Release|Any CPU.Build.0 = Release|Any CPU
		{73E0F5C9-87DC-47C3-AB74-0D87BC62674D}.Release|x64.ActiveCfg = Release|Any CPU
		{73E0F5C9-87DC-47C3-AB74-0D87BC62674D}.Release|x64.Build.0 = Release|Any CPU
		{73E0F5C9-87DC-47C3-AB74-0D87BC62674D}.Release|x86.ActiveCfg = Release|Any CPU
		{73E0F5C9-87DC-47C3-AB74-0D87BC62674D}.Release|x86.Build.0 = Release|Any CPU
		{73E0F5C9-87DC-47C3-AB74-0D87BC62674D}.ReleaseLinux|Any CPU.ActiveCfg = ReleaseLinux|Any CPU
		{73E0F5C9-87DC-47C3-AB74-0D87BC62674D}.ReleaseLinux|Any CPU.Build.0 = ReleaseLinux|Any CPU
		{73E0F5C9-87DC-47C3-AB74-0D87BC62674D}.ReleaseLinux|x64.ActiveCfg = ReleaseLinux|Any CPU
		{73E0F5C9-87DC-47C3-AB74-0D87BC62674D}.ReleaseLinux|x64.Build.0 = ReleaseLinux|Any CPU
		{73E0F5C9-87DC-47C3-AB74-0D87BC62674D}.ReleaseLinux|x86.ActiveCfg = ReleaseLinux|Any CPU
		{73E0F5C9-87DC-47C3-AB74-0D87BC62674D}.ReleaseLinux|x86.Build.0 = ReleaseLinux|Any CPU
		{73E0F5C9-87DC-47C3-AB74-0D87BC62674D}.ReleaseWindows|Any CPU.ActiveCfg = ReleaseWindows|Any CPU
		{73E0F5C9-87DC-47C3-AB74-0D87BC62674D}.ReleaseWindows|Any CPU.Build.0 = ReleaseWindows|Any CPU
		{73E0F5C9-87DC-47C3-AB74-0D87BC62674D}.ReleaseWindows|x64.ActiveCfg = ReleaseWindows|Any CPU
		{73E0F5C9-87DC-47C3-AB74-0D87BC62674D}.ReleaseWindows|x64.Build.0 = ReleaseWindows|Any CPU
		{73E0F5C9-87DC-47C3-AB74-0D87BC62674D}.ReleaseWindows|x86.ActiveCfg = ReleaseWindows|Any CPU
		{73E0F5C9-87DC-47C3-AB74-0D87BC62674D}.ReleaseWindows|x86.Build.0 = ReleaseWindows|Any CPU
		{3EDC0325-BDBA-48BB-B21B-AC1F4C6B34C2}.Debug|Any CPU.ActiveCfg = Debug|Any CPU
		{3EDC0325-BDBA-48BB-B21B-AC1F4C6B34C2}.Debug|Any CPU.Build.0 = Debug|Any CPU
		{3EDC0325-BDBA-48BB-B21B-AC1F4C6B34C2}.Debug|x64.ActiveCfg = Debug|Any CPU
		{3EDC0325-BDBA-48BB-B21B-AC1F4C6B34C2}.Debug|x64.Build.0 = Debug|Any CPU
		{3EDC0325-BDBA-48BB-B21B-AC1F4C6B34C2}.Debug|x86.ActiveCfg = Debug|Any CPU
		{3EDC0325-BDBA-48BB-B21B-AC1F4C6B34C2}.Debug|x86.Build.0 = Debug|Any CPU
		{3EDC0325-BDBA-48BB-B21B-AC1F4C6B34C2}.Release|Any CPU.ActiveCfg = Release|Any CPU
		{3EDC0325-BDBA-48BB-B21B-AC1F4C6B34C2}.Release|Any CPU.Build.0 = Release|Any CPU
		{3EDC0325-BDBA-48BB-B21B-AC1F4C6B34C2}.Release|x64.ActiveCfg = Release|Any CPU
		{3EDC0325-BDBA-48BB-B21B-AC1F4C6B34C2}.Release|x64.Build.0 = Release|Any CPU
		{3EDC0325-BDBA-48BB-B21B-AC1F4C6B34C2}.Release|x86.ActiveCfg = Release|Any CPU
		{3EDC0325-BDBA-48BB-B21B-AC1F4C6B34C2}.Release|x86.Build.0 = Release|Any CPU
		{3EDC0325-BDBA-48BB-B21B-AC1F4C6B34C2}.ReleaseLinux|Any CPU.ActiveCfg = ReleaseLinux|Any CPU
		{3EDC0325-BDBA-48BB-B21B-AC1F4C6B34C2}.ReleaseLinux|Any CPU.Build.0 = ReleaseLinux|Any CPU
		{3EDC0325-BDBA-48BB-B21B-AC1F4C6B34C2}.ReleaseLinux|x64.ActiveCfg = ReleaseLinux|Any CPU
		{3EDC0325-BDBA-48BB-B21B-AC1F4C6B34C2}.ReleaseLinux|x64.Build.0 = ReleaseLinux|Any CPU
		{3EDC0325-BDBA-48BB-B21B-AC1F4C6B34C2}.ReleaseLinux|x86.ActiveCfg = ReleaseLinux|Any CPU
		{3EDC0325-BDBA-48BB-B21B-AC1F4C6B34C2}.ReleaseLinux|x86.Build.0 = ReleaseLinux|Any CPU
		{3EDC0325-BDBA-48BB-B21B-AC1F4C6B34C2}.ReleaseWindows|Any CPU.ActiveCfg = ReleaseWindows|Any CPU
		{3EDC0325-BDBA-48BB-B21B-AC1F4C6B34C2}.ReleaseWindows|Any CPU.Build.0 = ReleaseWindows|Any CPU
		{3EDC0325-BDBA-48BB-B21B-AC1F4C6B34C2}.ReleaseWindows|x64.ActiveCfg = ReleaseWindows|Any CPU
		{3EDC0325-BDBA-48BB-B21B-AC1F4C6B34C2}.ReleaseWindows|x64.Build.0 = ReleaseWindows|Any CPU
		{3EDC0325-BDBA-48BB-B21B-AC1F4C6B34C2}.ReleaseWindows|x86.ActiveCfg = ReleaseWindows|Any CPU
		{3EDC0325-BDBA-48BB-B21B-AC1F4C6B34C2}.ReleaseWindows|x86.Build.0 = ReleaseWindows|Any CPU
		{1271C27B-0F36-4842-8297-205A955AC0A6}.Debug|Any CPU.ActiveCfg = Debug|Any CPU
		{1271C27B-0F36-4842-8297-205A955AC0A6}.Debug|Any CPU.Build.0 = Debug|Any CPU
		{1271C27B-0F36-4842-8297-205A955AC0A6}.Debug|x64.ActiveCfg = Debug|Any CPU
		{1271C27B-0F36-4842-8297-205A955AC0A6}.Debug|x64.Build.0 = Debug|Any CPU
		{1271C27B-0F36-4842-8297-205A955AC0A6}.Debug|x86.ActiveCfg = Debug|Any CPU
		{1271C27B-0F36-4842-8297-205A955AC0A6}.Debug|x86.Build.0 = Debug|Any CPU
		{1271C27B-0F36-4842-8297-205A955AC0A6}.Release|Any CPU.ActiveCfg = Release|Any CPU
		{1271C27B-0F36-4842-8297-205A955AC0A6}.Release|x64.ActiveCfg = Release|Any CPU
		{1271C27B-0F36-4842-8297-205A955AC0A6}.Release|x64.Build.0 = Release|Any CPU
		{1271C27B-0F36-4842-8297-205A955AC0A6}.Release|x86.ActiveCfg = Release|Any CPU
		{1271C27B-0F36-4842-8297-205A955AC0A6}.Release|x86.Build.0 = Release|Any CPU
		{1271C27B-0F36-4842-8297-205A955AC0A6}.ReleaseLinux|Any CPU.ActiveCfg = ReleaseLinux|Any CPU
		{1271C27B-0F36-4842-8297-205A955AC0A6}.ReleaseLinux|x64.ActiveCfg = ReleaseLinux|Any CPU
		{1271C27B-0F36-4842-8297-205A955AC0A6}.ReleaseLinux|x64.Build.0 = ReleaseLinux|Any CPU
		{1271C27B-0F36-4842-8297-205A955AC0A6}.ReleaseLinux|x86.ActiveCfg = ReleaseLinux|Any CPU
		{1271C27B-0F36-4842-8297-205A955AC0A6}.ReleaseLinux|x86.Build.0 = ReleaseLinux|Any CPU
		{1271C27B-0F36-4842-8297-205A955AC0A6}.ReleaseWindows|Any CPU.ActiveCfg = ReleaseWindows|Any CPU
		{1271C27B-0F36-4842-8297-205A955AC0A6}.ReleaseWindows|x64.ActiveCfg = ReleaseWindows|Any CPU
		{1271C27B-0F36-4842-8297-205A955AC0A6}.ReleaseWindows|x64.Build.0 = ReleaseWindows|Any CPU
		{1271C27B-0F36-4842-8297-205A955AC0A6}.ReleaseWindows|x86.ActiveCfg = ReleaseWindows|Any CPU
		{1271C27B-0F36-4842-8297-205A955AC0A6}.ReleaseWindows|x86.Build.0 = ReleaseWindows|Any CPU
		{3ACA5FFA-7228-4BF1-85C8-A71187691593}.Debug|Any CPU.ActiveCfg = Debug|Any CPU
		{3ACA5FFA-7228-4BF1-85C8-A71187691593}.Debug|Any CPU.Build.0 = Debug|Any CPU
		{3ACA5FFA-7228-4BF1-85C8-A71187691593}.Debug|x64.ActiveCfg = Debug|Any CPU
		{3ACA5FFA-7228-4BF1-85C8-A71187691593}.Debug|x64.Build.0 = Debug|Any CPU
		{3ACA5FFA-7228-4BF1-85C8-A71187691593}.Debug|x86.ActiveCfg = Debug|Any CPU
		{3ACA5FFA-7228-4BF1-85C8-A71187691593}.Debug|x86.Build.0 = Debug|Any CPU
		{3ACA5FFA-7228-4BF1-85C8-A71187691593}.Release|Any CPU.ActiveCfg = Release|Any CPU
		{3ACA5FFA-7228-4BF1-85C8-A71187691593}.Release|x64.ActiveCfg = Release|Any CPU
		{3ACA5FFA-7228-4BF1-85C8-A71187691593}.Release|x64.Build.0 = Release|Any CPU
		{3ACA5FFA-7228-4BF1-85C8-A71187691593}.Release|x86.ActiveCfg = Release|Any CPU
		{3ACA5FFA-7228-4BF1-85C8-A71187691593}.Release|x86.Build.0 = Release|Any CPU
		{3ACA5FFA-7228-4BF1-85C8-A71187691593}.ReleaseLinux|Any CPU.ActiveCfg = ReleaseLinux|Any CPU
		{3ACA5FFA-7228-4BF1-85C8-A71187691593}.ReleaseLinux|x64.ActiveCfg = ReleaseLinux|Any CPU
		{3ACA5FFA-7228-4BF1-85C8-A71187691593}.ReleaseLinux|x64.Build.0 = ReleaseLinux|Any CPU
		{3ACA5FFA-7228-4BF1-85C8-A71187691593}.ReleaseLinux|x86.ActiveCfg = ReleaseLinux|Any CPU
		{3ACA5FFA-7228-4BF1-85C8-A71187691593}.ReleaseLinux|x86.Build.0 = ReleaseLinux|Any CPU
		{3ACA5FFA-7228-4BF1-85C8-A71187691593}.ReleaseWindows|Any CPU.ActiveCfg = ReleaseWindows|Any CPU
		{3ACA5FFA-7228-4BF1-85C8-A71187691593}.ReleaseWindows|x64.ActiveCfg = ReleaseWindows|Any CPU
		{3ACA5FFA-7228-4BF1-85C8-A71187691593}.ReleaseWindows|x64.Build.0 = ReleaseWindows|Any CPU
		{3ACA5FFA-7228-4BF1-85C8-A71187691593}.ReleaseWindows|x86.ActiveCfg = ReleaseWindows|Any CPU
		{3ACA5FFA-7228-4BF1-85C8-A71187691593}.ReleaseWindows|x86.Build.0 = ReleaseWindows|Any CPU
		{66CA66AA-62EE-423B-BC82-EB4399E6D055}.Debug|Any CPU.ActiveCfg = Debug|Any CPU
		{66CA66AA-62EE-423B-BC82-EB4399E6D055}.Debug|Any CPU.Build.0 = Debug|Any CPU
		{66CA66AA-62EE-423B-BC82-EB4399E6D055}.Debug|x64.ActiveCfg = Debug|Any CPU
		{66CA66AA-62EE-423B-BC82-EB4399E6D055}.Debug|x64.Build.0 = Debug|Any CPU
		{66CA66AA-62EE-423B-BC82-EB4399E6D055}.Debug|x86.ActiveCfg = Debug|Any CPU
		{66CA66AA-62EE-423B-BC82-EB4399E6D055}.Debug|x86.Build.0 = Debug|Any CPU
		{66CA66AA-62EE-423B-BC82-EB4399E6D055}.Release|Any CPU.ActiveCfg = Release|Any CPU
		{66CA66AA-62EE-423B-BC82-EB4399E6D055}.Release|Any CPU.Build.0 = Release|Any CPU
		{66CA66AA-62EE-423B-BC82-EB4399E6D055}.Release|x64.ActiveCfg = Release|Any CPU
		{66CA66AA-62EE-423B-BC82-EB4399E6D055}.Release|x64.Build.0 = Release|Any CPU
		{66CA66AA-62EE-423B-BC82-EB4399E6D055}.Release|x86.ActiveCfg = Release|Any CPU
		{66CA66AA-62EE-423B-BC82-EB4399E6D055}.Release|x86.Build.0 = Release|Any CPU
		{66CA66AA-62EE-423B-BC82-EB4399E6D055}.ReleaseLinux|Any CPU.ActiveCfg = ReleaseLinux|Any CPU
		{66CA66AA-62EE-423B-BC82-EB4399E6D055}.ReleaseLinux|Any CPU.Build.0 = ReleaseLinux|Any CPU
		{66CA66AA-62EE-423B-BC82-EB4399E6D055}.ReleaseLinux|x64.ActiveCfg = ReleaseLinux|Any CPU
		{66CA66AA-62EE-423B-BC82-EB4399E6D055}.ReleaseLinux|x64.Build.0 = ReleaseLinux|Any CPU
		{66CA66AA-62EE-423B-BC82-EB4399E6D055}.ReleaseLinux|x86.ActiveCfg = ReleaseLinux|Any CPU
		{66CA66AA-62EE-423B-BC82-EB4399E6D055}.ReleaseLinux|x86.Build.0 = ReleaseLinux|Any CPU
		{66CA66AA-62EE-423B-BC82-EB4399E6D055}.ReleaseWindows|Any CPU.ActiveCfg = ReleaseWindows|Any CPU
		{66CA66AA-62EE-423B-BC82-EB4399E6D055}.ReleaseWindows|Any CPU.Build.0 = ReleaseWindows|Any CPU
		{66CA66AA-62EE-423B-BC82-EB4399E6D055}.ReleaseWindows|x64.ActiveCfg = ReleaseWindows|Any CPU
		{66CA66AA-62EE-423B-BC82-EB4399E6D055}.ReleaseWindows|x64.Build.0 = ReleaseWindows|Any CPU
		{66CA66AA-62EE-423B-BC82-EB4399E6D055}.ReleaseWindows|x86.ActiveCfg = ReleaseWindows|Any CPU
		{66CA66AA-62EE-423B-BC82-EB4399E6D055}.ReleaseWindows|x86.Build.0 = ReleaseWindows|Any CPU
		{8CD2E905-87F6-45ED-AB4F-2F55E9FC52B6}.Debug|Any CPU.ActiveCfg = Debug|Any CPU
		{8CD2E905-87F6-45ED-AB4F-2F55E9FC52B6}.Debug|Any CPU.Build.0 = Debug|Any CPU
		{8CD2E905-87F6-45ED-AB4F-2F55E9FC52B6}.Debug|x64.ActiveCfg = Debug|Any CPU
		{8CD2E905-87F6-45ED-AB4F-2F55E9FC52B6}.Debug|x64.Build.0 = Debug|Any CPU
		{8CD2E905-87F6-45ED-AB4F-2F55E9FC52B6}.Debug|x86.ActiveCfg = Debug|Any CPU
		{8CD2E905-87F6-45ED-AB4F-2F55E9FC52B6}.Debug|x86.Build.0 = Debug|Any CPU
		{8CD2E905-87F6-45ED-AB4F-2F55E9FC52B6}.Release|Any CPU.ActiveCfg = Release|Any CPU
		{8CD2E905-87F6-45ED-AB4F-2F55E9FC52B6}.Release|x64.ActiveCfg = Release|Any CPU
		{8CD2E905-87F6-45ED-AB4F-2F55E9FC52B6}.Release|x64.Build.0 = Release|Any CPU
		{8CD2E905-87F6-45ED-AB4F-2F55E9FC52B6}.Release|x86.ActiveCfg = Release|Any CPU
		{8CD2E905-87F6-45ED-AB4F-2F55E9FC52B6}.Release|x86.Build.0 = Release|Any CPU
		{8CD2E905-87F6-45ED-AB4F-2F55E9FC52B6}.ReleaseLinux|Any CPU.ActiveCfg = ReleaseLinux|Any CPU
		{8CD2E905-87F6-45ED-AB4F-2F55E9FC52B6}.ReleaseLinux|x64.ActiveCfg = ReleaseLinux|Any CPU
		{8CD2E905-87F6-45ED-AB4F-2F55E9FC52B6}.ReleaseLinux|x64.Build.0 = ReleaseLinux|Any CPU
		{8CD2E905-87F6-45ED-AB4F-2F55E9FC52B6}.ReleaseLinux|x86.ActiveCfg = ReleaseLinux|Any CPU
		{8CD2E905-87F6-45ED-AB4F-2F55E9FC52B6}.ReleaseLinux|x86.Build.0 = ReleaseLinux|Any CPU
		{8CD2E905-87F6-45ED-AB4F-2F55E9FC52B6}.ReleaseWindows|Any CPU.ActiveCfg = ReleaseWindows|Any CPU
		{8CD2E905-87F6-45ED-AB4F-2F55E9FC52B6}.ReleaseWindows|x64.ActiveCfg = ReleaseWindows|Any CPU
		{8CD2E905-87F6-45ED-AB4F-2F55E9FC52B6}.ReleaseWindows|x64.Build.0 = ReleaseWindows|Any CPU
		{8CD2E905-87F6-45ED-AB4F-2F55E9FC52B6}.ReleaseWindows|x86.ActiveCfg = ReleaseWindows|Any CPU
		{8CD2E905-87F6-45ED-AB4F-2F55E9FC52B6}.ReleaseWindows|x86.Build.0 = ReleaseWindows|Any CPU
		{DA3F5BED-5CEB-47DD-8148-CCDBE5B4B99E}.Debug|Any CPU.ActiveCfg = Debug|Any CPU
		{DA3F5BED-5CEB-47DD-8148-CCDBE5B4B99E}.Debug|Any CPU.Build.0 = Debug|Any CPU
		{DA3F5BED-5CEB-47DD-8148-CCDBE5B4B99E}.Debug|x64.ActiveCfg = Debug|Any CPU
		{DA3F5BED-5CEB-47DD-8148-CCDBE5B4B99E}.Debug|x64.Build.0 = Debug|Any CPU
		{DA3F5BED-5CEB-47DD-8148-CCDBE5B4B99E}.Debug|x86.ActiveCfg = Debug|Any CPU
		{DA3F5BED-5CEB-47DD-8148-CCDBE5B4B99E}.Debug|x86.Build.0 = Debug|Any CPU
		{DA3F5BED-5CEB-47DD-8148-CCDBE5B4B99E}.Release|Any CPU.ActiveCfg = Release|Any CPU
		{DA3F5BED-5CEB-47DD-8148-CCDBE5B4B99E}.Release|Any CPU.Build.0 = Release|Any CPU
		{DA3F5BED-5CEB-47DD-8148-CCDBE5B4B99E}.Release|x64.ActiveCfg = Release|Any CPU
		{DA3F5BED-5CEB-47DD-8148-CCDBE5B4B99E}.Release|x64.Build.0 = Release|Any CPU
		{DA3F5BED-5CEB-47DD-8148-CCDBE5B4B99E}.Release|x86.ActiveCfg = Release|Any CPU
		{DA3F5BED-5CEB-47DD-8148-CCDBE5B4B99E}.Release|x86.Build.0 = Release|Any CPU
		{DA3F5BED-5CEB-47DD-8148-CCDBE5B4B99E}.ReleaseLinux|Any CPU.ActiveCfg = ReleaseLinux|Any CPU
		{DA3F5BED-5CEB-47DD-8148-CCDBE5B4B99E}.ReleaseLinux|Any CPU.Build.0 = ReleaseLinux|Any CPU
		{DA3F5BED-5CEB-47DD-8148-CCDBE5B4B99E}.ReleaseLinux|x64.ActiveCfg = ReleaseLinux|Any CPU
		{DA3F5BED-5CEB-47DD-8148-CCDBE5B4B99E}.ReleaseLinux|x64.Build.0 = ReleaseLinux|Any CPU
		{DA3F5BED-5CEB-47DD-8148-CCDBE5B4B99E}.ReleaseLinux|x86.ActiveCfg = ReleaseLinux|Any CPU
		{DA3F5BED-5CEB-47DD-8148-CCDBE5B4B99E}.ReleaseLinux|x86.Build.0 = ReleaseLinux|Any CPU
		{DA3F5BED-5CEB-47DD-8148-CCDBE5B4B99E}.ReleaseWindows|Any CPU.ActiveCfg = ReleaseWindows|Any CPU
		{DA3F5BED-5CEB-47DD-8148-CCDBE5B4B99E}.ReleaseWindows|Any CPU.Build.0 = ReleaseWindows|Any CPU
		{DA3F5BED-5CEB-47DD-8148-CCDBE5B4B99E}.ReleaseWindows|x64.ActiveCfg = ReleaseWindows|Any CPU
		{DA3F5BED-5CEB-47DD-8148-CCDBE5B4B99E}.ReleaseWindows|x64.Build.0 = ReleaseWindows|Any CPU
		{DA3F5BED-5CEB-47DD-8148-CCDBE5B4B99E}.ReleaseWindows|x86.ActiveCfg = ReleaseWindows|Any CPU
		{DA3F5BED-5CEB-47DD-8148-CCDBE5B4B99E}.ReleaseWindows|x86.Build.0 = ReleaseWindows|Any CPU
		{2A53DAD5-E238-4AEA-9BDE-78EF4D794AFF}.Debug|Any CPU.ActiveCfg = Debug|Any CPU
		{2A53DAD5-E238-4AEA-9BDE-78EF4D794AFF}.Debug|Any CPU.Build.0 = Debug|Any CPU
		{2A53DAD5-E238-4AEA-9BDE-78EF4D794AFF}.Debug|x64.ActiveCfg = Debug|Any CPU
		{2A53DAD5-E238-4AEA-9BDE-78EF4D794AFF}.Debug|x64.Build.0 = Debug|Any CPU
		{2A53DAD5-E238-4AEA-9BDE-78EF4D794AFF}.Debug|x86.ActiveCfg = Debug|Any CPU
		{2A53DAD5-E238-4AEA-9BDE-78EF4D794AFF}.Debug|x86.Build.0 = Debug|Any CPU
		{2A53DAD5-E238-4AEA-9BDE-78EF4D794AFF}.Release|Any CPU.ActiveCfg = Release|Any CPU
		{2A53DAD5-E238-4AEA-9BDE-78EF4D794AFF}.Release|Any CPU.Build.0 = Release|Any CPU
		{2A53DAD5-E238-4AEA-9BDE-78EF4D794AFF}.Release|x64.ActiveCfg = Release|Any CPU
		{2A53DAD5-E238-4AEA-9BDE-78EF4D794AFF}.Release|x64.Build.0 = Release|Any CPU
		{2A53DAD5-E238-4AEA-9BDE-78EF4D794AFF}.Release|x86.ActiveCfg = Release|Any CPU
		{2A53DAD5-E238-4AEA-9BDE-78EF4D794AFF}.Release|x86.Build.0 = Release|Any CPU
		{2A53DAD5-E238-4AEA-9BDE-78EF4D794AFF}.ReleaseLinux|Any CPU.ActiveCfg = ReleaseLinux|Any CPU
		{2A53DAD5-E238-4AEA-9BDE-78EF4D794AFF}.ReleaseLinux|Any CPU.Build.0 = ReleaseLinux|Any CPU
		{2A53DAD5-E238-4AEA-9BDE-78EF4D794AFF}.ReleaseLinux|x64.ActiveCfg = ReleaseLinux|Any CPU
		{2A53DAD5-E238-4AEA-9BDE-78EF4D794AFF}.ReleaseLinux|x64.Build.0 = ReleaseLinux|Any CPU
		{2A53DAD5-E238-4AEA-9BDE-78EF4D794AFF}.ReleaseLinux|x86.ActiveCfg = ReleaseLinux|Any CPU
		{2A53DAD5-E238-4AEA-9BDE-78EF4D794AFF}.ReleaseLinux|x86.Build.0 = ReleaseLinux|Any CPU
		{2A53DAD5-E238-4AEA-9BDE-78EF4D794AFF}.ReleaseWindows|Any CPU.ActiveCfg = ReleaseWindows|Any CPU
		{2A53DAD5-E238-4AEA-9BDE-78EF4D794AFF}.ReleaseWindows|Any CPU.Build.0 = ReleaseWindows|Any CPU
		{2A53DAD5-E238-4AEA-9BDE-78EF4D794AFF}.ReleaseWindows|x64.ActiveCfg = ReleaseWindows|Any CPU
		{2A53DAD5-E238-4AEA-9BDE-78EF4D794AFF}.ReleaseWindows|x64.Build.0 = ReleaseWindows|Any CPU
		{2A53DAD5-E238-4AEA-9BDE-78EF4D794AFF}.ReleaseWindows|x86.ActiveCfg = ReleaseWindows|Any CPU
		{2A53DAD5-E238-4AEA-9BDE-78EF4D794AFF}.ReleaseWindows|x86.Build.0 = ReleaseWindows|Any CPU
		{04E491DA-0695-4947-989F-81463E9531CE}.Debug|Any CPU.ActiveCfg = Debug|Any CPU
		{04E491DA-0695-4947-989F-81463E9531CE}.Debug|Any CPU.Build.0 = Debug|Any CPU
		{04E491DA-0695-4947-989F-81463E9531CE}.Debug|x64.ActiveCfg = Debug|Any CPU
		{04E491DA-0695-4947-989F-81463E9531CE}.Debug|x64.Build.0 = Debug|Any CPU
		{04E491DA-0695-4947-989F-81463E9531CE}.Debug|x86.ActiveCfg = Debug|Any CPU
		{04E491DA-0695-4947-989F-81463E9531CE}.Debug|x86.Build.0 = Debug|Any CPU
		{04E491DA-0695-4947-989F-81463E9531CE}.Release|Any CPU.ActiveCfg = Release|Any CPU
		{04E491DA-0695-4947-989F-81463E9531CE}.Release|Any CPU.Build.0 = Release|Any CPU
		{04E491DA-0695-4947-989F-81463E9531CE}.Release|x64.ActiveCfg = Release|Any CPU
		{04E491DA-0695-4947-989F-81463E9531CE}.Release|x64.Build.0 = Release|Any CPU
		{04E491DA-0695-4947-989F-81463E9531CE}.Release|x86.ActiveCfg = Release|Any CPU
		{04E491DA-0695-4947-989F-81463E9531CE}.Release|x86.Build.0 = Release|Any CPU
		{04E491DA-0695-4947-989F-81463E9531CE}.ReleaseLinux|Any CPU.ActiveCfg = ReleaseLinux|Any CPU
		{04E491DA-0695-4947-989F-81463E9531CE}.ReleaseLinux|Any CPU.Build.0 = ReleaseLinux|Any CPU
		{04E491DA-0695-4947-989F-81463E9531CE}.ReleaseLinux|x64.ActiveCfg = Release|Any CPU
		{04E491DA-0695-4947-989F-81463E9531CE}.ReleaseLinux|x64.Build.0 = Release|Any CPU
		{04E491DA-0695-4947-989F-81463E9531CE}.ReleaseLinux|x86.ActiveCfg = Release|Any CPU
		{04E491DA-0695-4947-989F-81463E9531CE}.ReleaseLinux|x86.Build.0 = Release|Any CPU
		{04E491DA-0695-4947-989F-81463E9531CE}.ReleaseWindows|Any CPU.ActiveCfg = ReleaseWindows|Any CPU
		{04E491DA-0695-4947-989F-81463E9531CE}.ReleaseWindows|Any CPU.Build.0 = ReleaseWindows|Any CPU
		{04E491DA-0695-4947-989F-81463E9531CE}.ReleaseWindows|x64.ActiveCfg = Release|Any CPU
		{04E491DA-0695-4947-989F-81463E9531CE}.ReleaseWindows|x64.Build.0 = Release|Any CPU
		{04E491DA-0695-4947-989F-81463E9531CE}.ReleaseWindows|x86.ActiveCfg = Release|Any CPU
		{04E491DA-0695-4947-989F-81463E9531CE}.ReleaseWindows|x86.Build.0 = Release|Any CPU
		{1DD4DC09-0CE1-4575-BB5B-5F31DB13E01F}.Debug|Any CPU.ActiveCfg = Debug|Any CPU
		{1DD4DC09-0CE1-4575-BB5B-5F31DB13E01F}.Debug|Any CPU.Build.0 = Debug|Any CPU
		{1DD4DC09-0CE1-4575-BB5B-5F31DB13E01F}.Debug|x64.ActiveCfg = Debug|Any CPU
		{1DD4DC09-0CE1-4575-BB5B-5F31DB13E01F}.Debug|x64.Build.0 = Debug|Any CPU
		{1DD4DC09-0CE1-4575-BB5B-5F31DB13E01F}.Debug|x86.ActiveCfg = Debug|Any CPU
		{1DD4DC09-0CE1-4575-BB5B-5F31DB13E01F}.Debug|x86.Build.0 = Debug|Any CPU
		{1DD4DC09-0CE1-4575-BB5B-5F31DB13E01F}.Release|Any CPU.ActiveCfg = Release|Any CPU
		{1DD4DC09-0CE1-4575-BB5B-5F31DB13E01F}.Release|Any CPU.Build.0 = Release|Any CPU
		{1DD4DC09-0CE1-4575-BB5B-5F31DB13E01F}.Release|x64.ActiveCfg = Release|Any CPU
		{1DD4DC09-0CE1-4575-BB5B-5F31DB13E01F}.Release|x64.Build.0 = Release|Any CPU
		{1DD4DC09-0CE1-4575-BB5B-5F31DB13E01F}.Release|x86.ActiveCfg = Release|Any CPU
		{1DD4DC09-0CE1-4575-BB5B-5F31DB13E01F}.Release|x86.Build.0 = Release|Any CPU
		{1DD4DC09-0CE1-4575-BB5B-5F31DB13E01F}.ReleaseLinux|Any CPU.ActiveCfg = ReleaseLinux|Any CPU
		{1DD4DC09-0CE1-4575-BB5B-5F31DB13E01F}.ReleaseLinux|Any CPU.Build.0 = ReleaseLinux|Any CPU
		{1DD4DC09-0CE1-4575-BB5B-5F31DB13E01F}.ReleaseLinux|x64.ActiveCfg = ReleaseLinux|Any CPU
		{1DD4DC09-0CE1-4575-BB5B-5F31DB13E01F}.ReleaseLinux|x64.Build.0 = ReleaseLinux|Any CPU
		{1DD4DC09-0CE1-4575-BB5B-5F31DB13E01F}.ReleaseLinux|x86.ActiveCfg = ReleaseLinux|Any CPU
		{1DD4DC09-0CE1-4575-BB5B-5F31DB13E01F}.ReleaseLinux|x86.Build.0 = ReleaseLinux|Any CPU
		{1DD4DC09-0CE1-4575-BB5B-5F31DB13E01F}.ReleaseWindows|Any CPU.ActiveCfg = ReleaseWindows|Any CPU
		{1DD4DC09-0CE1-4575-BB5B-5F31DB13E01F}.ReleaseWindows|Any CPU.Build.0 = ReleaseWindows|Any CPU
		{1DD4DC09-0CE1-4575-BB5B-5F31DB13E01F}.ReleaseWindows|x64.ActiveCfg = ReleaseWindows|Any CPU
		{1DD4DC09-0CE1-4575-BB5B-5F31DB13E01F}.ReleaseWindows|x64.Build.0 = ReleaseWindows|Any CPU
		{1DD4DC09-0CE1-4575-BB5B-5F31DB13E01F}.ReleaseWindows|x86.ActiveCfg = ReleaseWindows|Any CPU
		{1DD4DC09-0CE1-4575-BB5B-5F31DB13E01F}.ReleaseWindows|x86.Build.0 = ReleaseWindows|Any CPU
		{2B0E82D0-D423-4D3A-B16E-A64365D1C131}.Debug|Any CPU.ActiveCfg = Debug|Any CPU
		{2B0E82D0-D423-4D3A-B16E-A64365D1C131}.Debug|Any CPU.Build.0 = Debug|Any CPU
		{2B0E82D0-D423-4D3A-B16E-A64365D1C131}.Debug|x64.ActiveCfg = Debug|Any CPU
		{2B0E82D0-D423-4D3A-B16E-A64365D1C131}.Debug|x64.Build.0 = Debug|Any CPU
		{2B0E82D0-D423-4D3A-B16E-A64365D1C131}.Debug|x86.ActiveCfg = Debug|Any CPU
		{2B0E82D0-D423-4D3A-B16E-A64365D1C131}.Debug|x86.Build.0 = Debug|Any CPU
		{2B0E82D0-D423-4D3A-B16E-A64365D1C131}.Release|Any CPU.ActiveCfg = Release|Any CPU
		{2B0E82D0-D423-4D3A-B16E-A64365D1C131}.Release|Any CPU.Build.0 = Release|Any CPU
		{2B0E82D0-D423-4D3A-B16E-A64365D1C131}.Release|x64.ActiveCfg = Release|Any CPU
		{2B0E82D0-D423-4D3A-B16E-A64365D1C131}.Release|x64.Build.0 = Release|Any CPU
		{2B0E82D0-D423-4D3A-B16E-A64365D1C131}.Release|x86.ActiveCfg = Release|Any CPU
		{2B0E82D0-D423-4D3A-B16E-A64365D1C131}.Release|x86.Build.0 = Release|Any CPU
		{2B0E82D0-D423-4D3A-B16E-A64365D1C131}.ReleaseLinux|Any CPU.ActiveCfg = ReleaseLinux|Any CPU
		{2B0E82D0-D423-4D3A-B16E-A64365D1C131}.ReleaseLinux|Any CPU.Build.0 = ReleaseLinux|Any CPU
		{2B0E82D0-D423-4D3A-B16E-A64365D1C131}.ReleaseLinux|x64.ActiveCfg = ReleaseLinux|Any CPU
		{2B0E82D0-D423-4D3A-B16E-A64365D1C131}.ReleaseLinux|x64.Build.0 = ReleaseLinux|Any CPU
		{2B0E82D0-D423-4D3A-B16E-A64365D1C131}.ReleaseLinux|x86.ActiveCfg = ReleaseLinux|Any CPU
		{2B0E82D0-D423-4D3A-B16E-A64365D1C131}.ReleaseLinux|x86.Build.0 = ReleaseLinux|Any CPU
		{2B0E82D0-D423-4D3A-B16E-A64365D1C131}.ReleaseWindows|Any CPU.ActiveCfg = ReleaseWindows|Any CPU
		{2B0E82D0-D423-4D3A-B16E-A64365D1C131}.ReleaseWindows|Any CPU.Build.0 = ReleaseWindows|Any CPU
		{2B0E82D0-D423-4D3A-B16E-A64365D1C131}.ReleaseWindows|x64.ActiveCfg = ReleaseWindows|Any CPU
		{2B0E82D0-D423-4D3A-B16E-A64365D1C131}.ReleaseWindows|x64.Build.0 = ReleaseWindows|Any CPU
		{2B0E82D0-D423-4D3A-B16E-A64365D1C131}.ReleaseWindows|x86.ActiveCfg = ReleaseWindows|Any CPU
		{2B0E82D0-D423-4D3A-B16E-A64365D1C131}.ReleaseWindows|x86.Build.0 = ReleaseWindows|Any CPU
		{0788985B-731F-4BA5-A7E3-5C7996074B54}.Debug|Any CPU.ActiveCfg = Debug|Any CPU
		{0788985B-731F-4BA5-A7E3-5C7996074B54}.Debug|Any CPU.Build.0 = Debug|Any CPU
		{0788985B-731F-4BA5-A7E3-5C7996074B54}.Debug|x64.ActiveCfg = Debug|Any CPU
		{0788985B-731F-4BA5-A7E3-5C7996074B54}.Debug|x64.Build.0 = Debug|Any CPU
		{0788985B-731F-4BA5-A7E3-5C7996074B54}.Debug|x86.ActiveCfg = Debug|Any CPU
		{0788985B-731F-4BA5-A7E3-5C7996074B54}.Debug|x86.Build.0 = Debug|Any CPU
		{0788985B-731F-4BA5-A7E3-5C7996074B54}.Release|Any CPU.ActiveCfg = Release|Any CPU
		{0788985B-731F-4BA5-A7E3-5C7996074B54}.Release|Any CPU.Build.0 = Release|Any CPU
		{0788985B-731F-4BA5-A7E3-5C7996074B54}.Release|x64.ActiveCfg = Release|Any CPU
		{0788985B-731F-4BA5-A7E3-5C7996074B54}.Release|x64.Build.0 = Release|Any CPU
		{0788985B-731F-4BA5-A7E3-5C7996074B54}.Release|x86.ActiveCfg = Release|Any CPU
		{0788985B-731F-4BA5-A7E3-5C7996074B54}.Release|x86.Build.0 = Release|Any CPU
		{0788985B-731F-4BA5-A7E3-5C7996074B54}.ReleaseLinux|Any CPU.ActiveCfg = ReleaseLinux|Any CPU
		{0788985B-731F-4BA5-A7E3-5C7996074B54}.ReleaseLinux|Any CPU.Build.0 = ReleaseLinux|Any CPU
		{0788985B-731F-4BA5-A7E3-5C7996074B54}.ReleaseLinux|x64.ActiveCfg = ReleaseLinux|Any CPU
		{0788985B-731F-4BA5-A7E3-5C7996074B54}.ReleaseLinux|x64.Build.0 = ReleaseLinux|Any CPU
		{0788985B-731F-4BA5-A7E3-5C7996074B54}.ReleaseLinux|x86.ActiveCfg = ReleaseLinux|Any CPU
		{0788985B-731F-4BA5-A7E3-5C7996074B54}.ReleaseLinux|x86.Build.0 = ReleaseLinux|Any CPU
		{0788985B-731F-4BA5-A7E3-5C7996074B54}.ReleaseWindows|Any CPU.ActiveCfg = ReleaseWindows|Any CPU
		{0788985B-731F-4BA5-A7E3-5C7996074B54}.ReleaseWindows|Any CPU.Build.0 = ReleaseWindows|Any CPU
		{0788985B-731F-4BA5-A7E3-5C7996074B54}.ReleaseWindows|x64.ActiveCfg = ReleaseWindows|Any CPU
		{0788985B-731F-4BA5-A7E3-5C7996074B54}.ReleaseWindows|x64.Build.0 = ReleaseWindows|Any CPU
		{0788985B-731F-4BA5-A7E3-5C7996074B54}.ReleaseWindows|x86.ActiveCfg = ReleaseWindows|Any CPU
		{0788985B-731F-4BA5-A7E3-5C7996074B54}.ReleaseWindows|x86.Build.0 = ReleaseWindows|Any CPU
		{BE71BE3E-7591-4D62-BFB3-F77D7B57F12A}.Debug|Any CPU.ActiveCfg = Debug|Any CPU
		{BE71BE3E-7591-4D62-BFB3-F77D7B57F12A}.Debug|Any CPU.Build.0 = Debug|Any CPU
		{BE71BE3E-7591-4D62-BFB3-F77D7B57F12A}.Debug|x64.ActiveCfg = Debug|Any CPU
		{BE71BE3E-7591-4D62-BFB3-F77D7B57F12A}.Debug|x64.Build.0 = Debug|Any CPU
		{BE71BE3E-7591-4D62-BFB3-F77D7B57F12A}.Debug|x86.ActiveCfg = Debug|Any CPU
		{BE71BE3E-7591-4D62-BFB3-F77D7B57F12A}.Debug|x86.Build.0 = Debug|Any CPU
		{BE71BE3E-7591-4D62-BFB3-F77D7B57F12A}.Release|Any CPU.ActiveCfg = Release|Any CPU
		{BE71BE3E-7591-4D62-BFB3-F77D7B57F12A}.Release|Any CPU.Build.0 = Release|Any CPU
		{BE71BE3E-7591-4D62-BFB3-F77D7B57F12A}.Release|x64.ActiveCfg = Release|Any CPU
		{BE71BE3E-7591-4D62-BFB3-F77D7B57F12A}.Release|x64.Build.0 = Release|Any CPU
		{BE71BE3E-7591-4D62-BFB3-F77D7B57F12A}.Release|x86.ActiveCfg = Release|Any CPU
		{BE71BE3E-7591-4D62-BFB3-F77D7B57F12A}.Release|x86.Build.0 = Release|Any CPU
		{BE71BE3E-7591-4D62-BFB3-F77D7B57F12A}.ReleaseLinux|Any CPU.ActiveCfg = Release|Any CPU
		{BE71BE3E-7591-4D62-BFB3-F77D7B57F12A}.ReleaseLinux|Any CPU.Build.0 = Release|Any CPU
		{BE71BE3E-7591-4D62-BFB3-F77D7B57F12A}.ReleaseLinux|x64.ActiveCfg = Release|Any CPU
		{BE71BE3E-7591-4D62-BFB3-F77D7B57F12A}.ReleaseLinux|x64.Build.0 = Release|Any CPU
		{BE71BE3E-7591-4D62-BFB3-F77D7B57F12A}.ReleaseLinux|x86.ActiveCfg = Release|Any CPU
		{BE71BE3E-7591-4D62-BFB3-F77D7B57F12A}.ReleaseLinux|x86.Build.0 = Release|Any CPU
		{BE71BE3E-7591-4D62-BFB3-F77D7B57F12A}.ReleaseWindows|Any CPU.ActiveCfg = Release|Any CPU
		{BE71BE3E-7591-4D62-BFB3-F77D7B57F12A}.ReleaseWindows|Any CPU.Build.0 = Release|Any CPU
		{BE71BE3E-7591-4D62-BFB3-F77D7B57F12A}.ReleaseWindows|x64.ActiveCfg = Release|Any CPU
		{BE71BE3E-7591-4D62-BFB3-F77D7B57F12A}.ReleaseWindows|x64.Build.0 = Release|Any CPU
		{BE71BE3E-7591-4D62-BFB3-F77D7B57F12A}.ReleaseWindows|x86.ActiveCfg = Release|Any CPU
		{BE71BE3E-7591-4D62-BFB3-F77D7B57F12A}.ReleaseWindows|x86.Build.0 = Release|Any CPU
	EndGlobalSection
	GlobalSection(SolutionProperties) = preSolution
		HideSolutionNode = FALSE
	EndGlobalSection
	GlobalSection(NestedProjects) = preSolution
		{C441FBE3-E188-4D4F-A990-2BE9D031BC60} = {65A9CB79-EF7B-47C2-9E4B-92FC86B32BB7}
		{DC9E7B0E-AF07-4C23-8FAE-52AC6BAA5712} = {65A9CB79-EF7B-47C2-9E4B-92FC86B32BB7}
		{C779934C-7FF2-41BC-8371-F074E5A54958} = {0E804BEC-46FD-4FA3-954E-D17F4F5563AD}
		{2A83F8F6-A40F-4A68-845C-229051AE2A51} = {0E804BEC-46FD-4FA3-954E-D17F4F5563AD}
		{628F0804-B5FA-449B-945C-38993513A79B} = {5AAB5D06-DA74-4225-8CAB-7B61E4802A0B}
		{4B4FBC38-FB3A-47B1-B25D-8DE40A2FF687} = {65A9CB79-EF7B-47C2-9E4B-92FC86B32BB7}
		{7BF32DE9-98CD-4795-8463-396D9A6A47BA} = {0C424EFF-74A3-41D4-8B47-A32F8ACD007F}
		{FBCA5425-BE5B-4BA0-9714-26925BFFE273} = {0C424EFF-74A3-41D4-8B47-A32F8ACD007F}
		{397852E9-467A-4098-983B-47C6888F85D1} = {0C424EFF-74A3-41D4-8B47-A32F8ACD007F}
		{DF520E46-2739-4C28-BB4B-9DEBF8A551C7} = {0E804BEC-46FD-4FA3-954E-D17F4F5563AD}
		{332A35DB-4ECA-4482-B93A-A9DBEAC5AF16} = {5AAB5D06-DA74-4225-8CAB-7B61E4802A0B}
		{1546DA62-BCD4-4CD3-81B3-F02251B42A50} = {0C424EFF-74A3-41D4-8B47-A32F8ACD007F}
		{06F7346C-CA7C-477D-A475-8177E84A51C4} = {65A9CB79-EF7B-47C2-9E4B-92FC86B32BB7}
		{A7121C35-FE42-4677-BBA4-CF633595F50F} = {C3D3927F-5DA8-4014-BB68-A266E3DEB978}
		{93C5C7C1-A7D5-4F79-A2A9-74C711AAB926} = {65A9CB79-EF7B-47C2-9E4B-92FC86B32BB7}
		{25881CD3-C7C2-4103-97B3-0C4050C4C011} = {0C424EFF-74A3-41D4-8B47-A32F8ACD007F}
		{9363739E-7D08-486D-8D64-1DB2B5D18245} = {65A9CB79-EF7B-47C2-9E4B-92FC86B32BB7}
		{74B9951B-B5A3-468A-A3B5-6CBA056E5090} = {65A9CB79-EF7B-47C2-9E4B-92FC86B32BB7}
		{3ADD8828-7E89-4705-B450-9A27D6356DF1} = {65A9CB79-EF7B-47C2-9E4B-92FC86B32BB7}
		{A56B0752-F02A-4238-A61B-04A11328A24A} = {0C424EFF-74A3-41D4-8B47-A32F8ACD007F}
		{73E0F5C9-87DC-47C3-AB74-0D87BC62674D} = {65A9CB79-EF7B-47C2-9E4B-92FC86B32BB7}
		{3EDC0325-BDBA-48BB-B21B-AC1F4C6B34C2} = {65A9CB79-EF7B-47C2-9E4B-92FC86B32BB7}
		{1271C27B-0F36-4842-8297-205A955AC0A6} = {0C424EFF-74A3-41D4-8B47-A32F8ACD007F}
		{3ACA5FFA-7228-4BF1-85C8-A71187691593} = {18B3DC61-B17E-4891-A4CB-E93AE768538C}
		{66CA66AA-62EE-423B-BC82-EB4399E6D055} = {65A9CB79-EF7B-47C2-9E4B-92FC86B32BB7}
		{8CD2E905-87F6-45ED-AB4F-2F55E9FC52B6} = {0C424EFF-74A3-41D4-8B47-A32F8ACD007F}
		{DA3F5BED-5CEB-47DD-8148-CCDBE5B4B99E} = {65A9CB79-EF7B-47C2-9E4B-92FC86B32BB7}
		{2A53DAD5-E238-4AEA-9BDE-78EF4D794AFF} = {5AAB5D06-DA74-4225-8CAB-7B61E4802A0B}
		{04E491DA-0695-4947-989F-81463E9531CE} = {65A9CB79-EF7B-47C2-9E4B-92FC86B32BB7}
		{1DD4DC09-0CE1-4575-BB5B-5F31DB13E01F} = {C3D3927F-5DA8-4014-BB68-A266E3DEB978}
		{2B0E82D0-D423-4D3A-B16E-A64365D1C131} = {203A826C-286F-442C-B7B9-E43F806B8778}
		{0788985B-731F-4BA5-A7E3-5C7996074B54} = {203A826C-286F-442C-B7B9-E43F806B8778}
		{BE71BE3E-7591-4D62-BFB3-F77D7B57F12A} = {203A826C-286F-442C-B7B9-E43F806B8778}
	EndGlobalSection
	GlobalSection(ExtensibilityGlobals) = postSolution
		SolutionGuid = {103FD3A6-4F85-4DC0-B65F-7E974EA202FE}
	EndGlobalSection
EndGlobal
