
Microsoft Visual Studio Solution File, Format Version 12.00
# Visual Studio 15
VisualStudioVersion = 15.0.28307.438
MinimumVisualStudioVersion = 10.0.40219.1
Project("{9A19103F-16F7-4668-BE54-9A1E7A4F7556}") = "ConsoleRunner", "ConsoleRunner\ConsoleRunner.csproj", "{E32EF074-9A76-4BD3-92FF-36B5799661FF}"
EndProject
Project("{9A19103F-16F7-4668-BE54-9A1E7A4F7556}") = "TransformLogic", "TransformLogic\TransformLogic.csproj", "{B15BDE2F-D95F-4222-A47C-BF2FCC99F947}"
EndProject
Project("{9A19103F-16F7-4668-BE54-9A1E7A4F7556}") = "CxAnalyticsExportService", "CxAnalyticsExportService\CxAnalyticsExportService.csproj", "{0BAE0589-90A5-4D6E-86F6-8A955CF02512}"
EndProject
Project("{9A19103F-16F7-4668-BE54-9A1E7A4F7556}") = "Configuration", "Configuration\Configuration.csproj", "{DFB15F63-7086-4411-998F-729C02B8A5A9}"
EndProject
Project("{9A19103F-16F7-4668-BE54-9A1E7A4F7556}") = "Log4NetOutput", "Log4NetOutput\Log4NetOutput.csproj", "{8DC742E4-0B2E-48E1-98DE-4554B2C75667}"
EndProject
Project("{FAE04EC0-301F-11D3-BF4B-00C04F79EFBC}") = "TransformLogic_Tests", "TransformLogic_Tests\TransformLogic_Tests.csproj", "{B29EE68F-D8BA-42E0-8641-5665E12310ED}"
EndProject
Global
	GlobalSection(SolutionConfigurationPlatforms) = preSolution
		Debug|Any CPU = Debug|Any CPU
		Release|Any CPU = Release|Any CPU
	EndGlobalSection
	GlobalSection(ProjectConfigurationPlatforms) = postSolution
		{E32EF074-9A76-4BD3-92FF-36B5799661FF}.Debug|Any CPU.ActiveCfg = Debug|Any CPU
		{E32EF074-9A76-4BD3-92FF-36B5799661FF}.Debug|Any CPU.Build.0 = Debug|Any CPU
		{E32EF074-9A76-4BD3-92FF-36B5799661FF}.Release|Any CPU.ActiveCfg = Release|Any CPU
		{E32EF074-9A76-4BD3-92FF-36B5799661FF}.Release|Any CPU.Build.0 = Release|Any CPU
		{B15BDE2F-D95F-4222-A47C-BF2FCC99F947}.Debug|Any CPU.ActiveCfg = Debug|Any CPU
		{B15BDE2F-D95F-4222-A47C-BF2FCC99F947}.Debug|Any CPU.Build.0 = Debug|Any CPU
		{B15BDE2F-D95F-4222-A47C-BF2FCC99F947}.Release|Any CPU.ActiveCfg = Release|Any CPU
		{B15BDE2F-D95F-4222-A47C-BF2FCC99F947}.Release|Any CPU.Build.0 = Release|Any CPU
		{0BAE0589-90A5-4D6E-86F6-8A955CF02512}.Debug|Any CPU.ActiveCfg = Debug|Any CPU
		{0BAE0589-90A5-4D6E-86F6-8A955CF02512}.Debug|Any CPU.Build.0 = Debug|Any CPU
		{0BAE0589-90A5-4D6E-86F6-8A955CF02512}.Release|Any CPU.ActiveCfg = Release|Any CPU
		{0BAE0589-90A5-4D6E-86F6-8A955CF02512}.Release|Any CPU.Build.0 = Release|Any CPU
		{DFB15F63-7086-4411-998F-729C02B8A5A9}.Debug|Any CPU.ActiveCfg = Debug|Any CPU
		{DFB15F63-7086-4411-998F-729C02B8A5A9}.Debug|Any CPU.Build.0 = Debug|Any CPU
		{DFB15F63-7086-4411-998F-729C02B8A5A9}.Release|Any CPU.ActiveCfg = Release|Any CPU
		{DFB15F63-7086-4411-998F-729C02B8A5A9}.Release|Any CPU.Build.0 = Release|Any CPU
		{8DC742E4-0B2E-48E1-98DE-4554B2C75667}.Debug|Any CPU.ActiveCfg = Debug|Any CPU
		{8DC742E4-0B2E-48E1-98DE-4554B2C75667}.Debug|Any CPU.Build.0 = Debug|Any CPU
		{8DC742E4-0B2E-48E1-98DE-4554B2C75667}.Release|Any CPU.ActiveCfg = Release|Any CPU
		{8DC742E4-0B2E-48E1-98DE-4554B2C75667}.Release|Any CPU.Build.0 = Release|Any CPU
		{B29EE68F-D8BA-42E0-8641-5665E12310ED}.Debug|Any CPU.ActiveCfg = Debug|Any CPU
		{B29EE68F-D8BA-42E0-8641-5665E12310ED}.Debug|Any CPU.Build.0 = Debug|Any CPU
		{B29EE68F-D8BA-42E0-8641-5665E12310ED}.Release|Any CPU.ActiveCfg = Release|Any CPU
		{B29EE68F-D8BA-42E0-8641-5665E12310ED}.Release|Any CPU.Build.0 = Release|Any CPU
	EndGlobalSection
	GlobalSection(SolutionProperties) = preSolution
		HideSolutionNode = FALSE
	EndGlobalSection
	GlobalSection(ExtensibilityGlobals) = postSolution
		SolutionGuid = {4110C6A3-2399-4F22-9AD6-F685DDBC254D}
	EndGlobalSection
EndGlobal
